[[package]]
name = "cacheout"
version = "0.13.1"
description = "A caching library for Python"
category = "main"
optional = false
python-versions = ">=3.6"

[package.extras]
dev = ["black", "coverage", "docformatter", "flake8", "flake8-black", "flake8-bugbear", "flake8-isort", "invoke", "isort", "mypy", "pylint", "pytest", "pytest-cov", "pytest-flake8", "pytest-mypy", "pytest-pylint", "sphinx", "sphinx-autodoc-typehints", "sphinx-rtd-theme", "tox", "twine", "wheel"]

[[package]]
name = "cx-oracle"
version = "8.3.0"
description = "Python interface to Oracle"
category = "main"
optional = true
python-versions = "*"

[[package]]
name = "greenlet"
version = "1.1.2"
description = "Lightweight in-process concurrent programming"
category = "main"
optional = true
python-versions = ">=2.7,!=3.0.*,!=3.1.*,!=3.2.*,!=3.3.*,!=3.4.*"

[package.extras]
docs = ["sphinx"]

[[package]]
name = "pycryptodome"
version = "3.14.1"
description = "Cryptographic library for Python"
category = "main"
optional = false
python-versions = ">=2.7, !=3.0.*, !=3.1.*, !=3.2.*, !=3.3.*, !=3.4.*"

[[package]]
name = "pydantic"
version = "1.9.0"
description = "Data validation and settings management using python 3.6 type hinting"
category = "main"
optional = false
python-versions = ">=3.6.1"

[package.dependencies]
typing-extensions = ">=3.7.4.3"

[package.extras]
dotenv = ["python-dotenv (>=0.10.4)"]
email = ["email-validator (>=1.0.3)"]

[[package]]
name = "pymongo"
version = "4.0.1"
description = "Python driver for MongoDB <http://www.mongodb.org>"
category = "main"
optional = true
python-versions = ">=3.6"

[package.extras]
aws = ["pymongo-auth-aws (<2.0.0)"]
encryption = ["pymongocrypt (>=1.2.0,<2.0.0)"]
gssapi = ["pykerberos"]
ocsp = ["pyopenssl (>=17.2.0)", "requests (<3.0.0)", "service-identity (>=18.1.0)", "certifi"]
snappy = ["python-snappy"]
srv = ["dnspython (>=1.16.0,<3.0.0)"]
zstd = ["zstandard"]

[[package]]
name = "pymysql"
version = "1.0.2"
description = "Pure Python MySQL Driver"
category = "main"
optional = true
python-versions = ">=3.6"

[package.extras]
ed25519 = ["PyNaCl (>=1.4.0)"]
rsa = ["cryptography"]

[[package]]
name = "python-json-logger"
version = "2.0.2"
description = "A python library adding a json log formatter"
category = "main"
optional = false
python-versions = ">=3.5"

[[package]]
name = "sqlalchemy"
version = "1.4.31"
description = "Database Abstraction Library"
category = "main"
optional = true
python-versions = "!=3.0.*,!=3.1.*,!=3.2.*,!=3.3.*,!=3.4.*,!=3.5.*,>=2.7"

[package.dependencies]
greenlet = {version = "!=0.4.17", markers = "python_version >= \"3\" and (platform_machine == \"aarch64\" or platform_machine == \"ppc64le\" or platform_machine == \"x86_64\" or platform_machine == \"amd64\" or platform_machine == \"AMD64\" or platform_machine == \"win32\" or platform_machine == \"WIN32\")"}

[package.extras]
aiomysql = ["greenlet (!=0.4.17)", "aiomysql"]
aiosqlite = ["typing_extensions (!=3.10.0.1)", "greenlet (!=0.4.17)", "aiosqlite"]
asyncio = ["greenlet (!=0.4.17)"]
asyncmy = ["greenlet (!=0.4.17)", "asyncmy (>=0.2.3)"]
mariadb_connector = ["mariadb (>=1.0.1)"]
mssql = ["pyodbc"]
mssql_pymssql = ["pymssql"]
mssql_pyodbc = ["pyodbc"]
mypy = ["sqlalchemy2-stubs", "mypy (>=0.910)"]
mysql = ["mysqlclient (>=1.4.0,<2)", "mysqlclient (>=1.4.0)"]
mysql_connector = ["mysql-connector-python"]
oracle = ["cx_oracle (>=7,<8)", "cx_oracle (>=7)"]
postgresql = ["psycopg2 (>=2.7)"]
postgresql_asyncpg = ["greenlet (!=0.4.17)", "asyncpg"]
postgresql_pg8000 = ["pg8000 (>=1.16.6)"]
postgresql_psycopg2binary = ["psycopg2-binary"]
postgresql_psycopg2cffi = ["psycopg2cffi"]
pymysql = ["pymysql (<1)", "pymysql"]
sqlcipher = ["sqlcipher3-binary"]

[[package]]
name = "typing-extensions"
version = "4.1.1"
description = "Backported and Experimental Type Hints for Python 3.6+"
category = "main"
optional = false
python-versions = ">=3.6"

[[package]]
name = "watchmen-auth"
version = "16.0.0"
description = ""
category = "main"
optional = false
python-versions = "^3.9"
develop = true

[package.dependencies]
watchmen-model = {path = "../watchmen-model", develop = true}

[package.source]
type = "directory"
url = "../watchmen-auth"

[[package]]
name = "watchmen-meta"
version = "16.0.0"
description = ""
category = "main"
optional = false
python-versions = "^3.9"
develop = true

[package.dependencies]
watchmen-auth = {path = "../watchmen-auth", develop = true}
watchmen-storage = {path = "../watchmen-storage", develop = true}

[package.extras]
mysql = ["watchmen-storage-mysql @ ../watchmen-storage-mysql"]
oracle = ["watchmen-storage-oracle @ ../watchmen-storage-oracle"]
mongodb = ["watchmen-storage-mongodb @ ../watchmen-storage-mongodb"]
mssql = ["watchmen-storage-mssql @ ../watchmen-storage-mssql"]

[package.source]
type = "directory"
url = "../watchmen-meta"

[[package]]
name = "watchmen-model"
version = "16.0.0"
description = ""
category = "main"
optional = false
python-versions = "^3.9"
develop = true

[package.dependencies]
pydantic = "^1.9.0"
watchmen-utilities = {path = "../watchmen-utilities", develop = true}

[package.source]
type = "directory"
url = "../watchmen-model"

[[package]]
name = "watchmen-storage"
version = "16.0.0"
description = ""
category = "main"
optional = false
python-versions = "^3.9"
develop = true

[package.dependencies]
watchmen-model = {path = "../watchmen-model", develop = true}

[package.source]
type = "directory"
url = "../watchmen-storage"

[[package]]
name = "watchmen-storage-mongodb"
version = "16.0.0"
description = ""
category = "main"
optional = true
python-versions = "^3.9"
develop = true

[package.dependencies]
pymongo = "^4.0.1"
watchmen-storage = {path = "../watchmen-storage", develop = true}

[package.source]
type = "directory"
url = "../watchmen-storage-mongodb"

[[package]]
name = "watchmen-storage-mssql"
version = "16.0.0"
description = ""
category = "main"
optional = true
python-versions = "^3.9"
develop = true

[package.dependencies]
SQLAlchemy = "^1.4.31"
watchmen-storage = {path = "../watchmen-storage", develop = true}

[package.source]
type = "directory"
url = "../watchmen-storage-mssql"

[[package]]
name = "watchmen-storage-mysql"
version = "16.0.0"
description = ""
category = "main"
optional = true
python-versions = "^3.9"
develop = true

[package.dependencies]
PyMySQL = "^1.0.2"
SQLAlchemy = "^1.4.31"
watchmen-storage = {path = "../watchmen-storage", develop = true}

[package.source]
type = "directory"
url = "../watchmen-storage-mysql"

[[package]]
name = "watchmen-storage-oracle"
version = "16.0.0"
description = ""
category = "main"
optional = true
python-versions = "^3.9"
develop = true

[package.dependencies]
cx-Oracle = "^8.3.0"
SQLAlchemy = "^1.4.31"
watchmen-storage = {path = "../watchmen-storage", develop = true}

[package.source]
type = "directory"
url = "../watchmen-storage-oracle"

[[package]]
name = "watchmen-utilities"
version = "16.0.0"
description = ""
category = "main"
optional = false
python-versions = "^3.9"
develop = true

[package.dependencies]
pydantic = "^1.9.0"
python-json-logger = "^2.0.2"

[package.source]
type = "directory"
url = "../watchmen-utilities"

[extras]
mongodb = ["watchmen-storage-mongodb"]
mssql = ["watchmen-storage-mssql"]
mysql = ["watchmen-storage-mysql"]
oracle = ["watchmen-storage-oracle"]

[metadata]
lock-version = "1.1"
python-versions = "^3.9"
content-hash = "462ba80c2e038f926eb9c359f153db6963c7553e31a2860d6b08bf4b495dba91"

[metadata.files]
cacheout = [
    {file = "cacheout-0.13.1-py3-none-any.whl", hash = "sha256:dc357ba56599444e24a41a514bd18b6a2460e9a9de6aa960e5ee3bb8c0bebb3f"},
    {file = "cacheout-0.13.1.tar.gz", hash = "sha256:296d1a46ce7858e6f45b0fd5d407e5236fefe8fc01be80c56161c23b386849ff"},
]
cx-oracle = [
    {file = "cx_Oracle-8.3.0-cp310-cp310-manylinux_2_5_x86_64.manylinux1_x86_64.manylinux_2_12_x86_64.manylinux2010_x86_64.whl", hash = "sha256:b6a23da225f03f50a81980c61dbd6a358c3575f212ca7f4c22bb65a9faf94f7f"},
    {file = "cx_Oracle-8.3.0-cp310-cp310-win32.whl", hash = "sha256:715a8bbda5982af484ded14d184304cc552c1096c82471dd2948298470e88a04"},
    {file = "cx_Oracle-8.3.0-cp310-cp310-win_amd64.whl", hash = "sha256:07f01608dfb6603a8f2a868fc7c7bdc951480f187df8dbc50f4d48c884874e6a"},
    {file = "cx_Oracle-8.3.0-cp36-cp36m-manylinux_2_5_x86_64.manylinux1_x86_64.manylinux_2_12_x86_64.manylinux2010_x86_64.whl", hash = "sha256:4b3afe7a911cebaceda908228d36839f6441cbd38e5df491ec25960562bb01a0"},
    {file = "cx_Oracle-8.3.0-cp36-cp36m-win32.whl", hash = "sha256:076ffb71279d6b2dcbf7df028f62a01e18ce5bb73d8b01eab582bf14a62f4a61"},
    {file = "cx_Oracle-8.3.0-cp36-cp36m-win_amd64.whl", hash = "sha256:b82e4b165ffd807a2bd256259a6b81b0a2452883d39f987509e2292d494ea163"},
    {file = "cx_Oracle-8.3.0-cp37-cp37m-manylinux_2_5_x86_64.manylinux1_x86_64.manylinux_2_12_x86_64.manylinux2010_x86_64.whl", hash = "sha256:b902db61dcdcbbf8dd981f5a46d72fef40c5150c7fc0eb0f0698b462d6eb834e"},
    {file = "cx_Oracle-8.3.0-cp37-cp37m-win32.whl", hash = "sha256:4c82ca74442c298ceec56d207450c192e06ecf8ad52eb4aaad0812e147ceabf7"},
    {file = "cx_Oracle-8.3.0-cp37-cp37m-win_amd64.whl", hash = "sha256:54164974d526b76fdefb0b66a42b68e1fca5df78713d0eeb8c1d0047b83f6bcf"},
    {file = "cx_Oracle-8.3.0-cp38-cp38-manylinux_2_5_x86_64.manylinux1_x86_64.manylinux_2_12_x86_64.manylinux2010_x86_64.whl", hash = "sha256:410747d542e5f94727f5f0e42e9706c772cf9094fb348ce965ab88b3a9e4d2d8"},
    {file = "cx_Oracle-8.3.0-cp38-cp38-win32.whl", hash = "sha256:3baa878597c5fadb2c72f359f548431c7be001e722ce4a4ebdf3d2293a1bb70b"},
    {file = "cx_Oracle-8.3.0-cp38-cp38-win_amd64.whl", hash = "sha256:de42bdc882abdc5cea54597da27a05593b44143728e5b629ad5d35decb1a2036"},
    {file = "cx_Oracle-8.3.0-cp39-cp39-manylinux_2_5_x86_64.manylinux1_x86_64.manylinux_2_12_x86_64.manylinux2010_x86_64.whl", hash = "sha256:df412238a9948340591beee9ec64fa62a2efacc0d91107034a7023e2991fba97"},
    {file = "cx_Oracle-8.3.0-cp39-cp39-win32.whl", hash = "sha256:70d3cf030aefd71f99b45beba77237b2af448adf5e26be0db3d0d3dee6ea4230"},
    {file = "cx_Oracle-8.3.0-cp39-cp39-win_amd64.whl", hash = "sha256:bf01ce87edb4ef663b2e5bd604e1e0154d2cc2f12b60301f788b569d9db8a900"},
    {file = "cx_Oracle-8.3.0.tar.gz", hash = "sha256:3b2d215af4441463c97ea469b9cc307460739f89fdfa8ea222ea3518f1a424d9"},
]
greenlet = [
    {file = "greenlet-1.1.2-cp27-cp27m-macosx_10_14_x86_64.whl", hash = "sha256:58df5c2a0e293bf665a51f8a100d3e9956febfbf1d9aaf8c0677cf70218910c6"},
    {file = "greenlet-1.1.2-cp27-cp27m-manylinux1_x86_64.whl", hash = "sha256:aec52725173bd3a7b56fe91bc56eccb26fbdff1386ef123abb63c84c5b43b63a"},
    {file = "greenlet-1.1.2-cp27-cp27m-manylinux2010_x86_64.whl", hash = "sha256:833e1551925ed51e6b44c800e71e77dacd7e49181fdc9ac9a0bf3714d515785d"},
    {file = "greenlet-1.1.2-cp27-cp27m-win32.whl", hash = "sha256:aa5b467f15e78b82257319aebc78dd2915e4c1436c3c0d1ad6f53e47ba6e2713"},
    {file = "greenlet-1.1.2-cp27-cp27m-win_amd64.whl", hash = "sha256:40b951f601af999a8bf2ce8c71e8aaa4e8c6f78ff8afae7b808aae2dc50d4c40"},
    {file = "greenlet-1.1.2-cp27-cp27mu-manylinux1_x86_64.whl", hash = "sha256:95e69877983ea39b7303570fa6760f81a3eec23d0e3ab2021b7144b94d06202d"},
    {file = "greenlet-1.1.2-cp27-cp27mu-manylinux2010_x86_64.whl", hash = "sha256:356b3576ad078c89a6107caa9c50cc14e98e3a6c4874a37c3e0273e4baf33de8"},
    {file = "greenlet-1.1.2-cp310-cp310-macosx_10_14_x86_64.whl", hash = "sha256:8639cadfda96737427330a094476d4c7a56ac03de7265622fcf4cfe57c8ae18d"},
    {file = "greenlet-1.1.2-cp310-cp310-manylinux_2_17_aarch64.manylinux2014_aarch64.whl", hash = "sha256:97e5306482182170ade15c4b0d8386ded995a07d7cc2ca8f27958d34d6736497"},
    {file = "greenlet-1.1.2-cp310-cp310-manylinux_2_17_ppc64le.manylinux2014_ppc64le.whl", hash = "sha256:e6a36bb9474218c7a5b27ae476035497a6990e21d04c279884eb10d9b290f1b1"},
    {file = "greenlet-1.1.2-cp310-cp310-manylinux_2_17_x86_64.manylinux2014_x86_64.whl", hash = "sha256:abb7a75ed8b968f3061327c433a0fbd17b729947b400747c334a9c29a9af6c58"},
    {file = "greenlet-1.1.2-cp310-cp310-musllinux_1_1_x86_64.whl", hash = "sha256:b336501a05e13b616ef81ce329c0e09ac5ed8c732d9ba7e3e983fcc1a9e86965"},
    {file = "greenlet-1.1.2-cp310-cp310-win_amd64.whl", hash = "sha256:14d4f3cd4e8b524ae9b8aa567858beed70c392fdec26dbdb0a8a418392e71708"},
    {file = "greenlet-1.1.2-cp35-cp35m-macosx_10_14_x86_64.whl", hash = "sha256:17ff94e7a83aa8671a25bf5b59326ec26da379ace2ebc4411d690d80a7fbcf23"},
    {file = "greenlet-1.1.2-cp35-cp35m-manylinux1_x86_64.whl", hash = "sha256:9f3cba480d3deb69f6ee2c1825060177a22c7826431458c697df88e6aeb3caee"},
    {file = "greenlet-1.1.2-cp35-cp35m-manylinux2010_x86_64.whl", hash = "sha256:fa877ca7f6b48054f847b61d6fa7bed5cebb663ebc55e018fda12db09dcc664c"},
    {file = "greenlet-1.1.2-cp35-cp35m-win32.whl", hash = "sha256:7cbd7574ce8e138bda9df4efc6bf2ab8572c9aff640d8ecfece1b006b68da963"},
    {file = "greenlet-1.1.2-cp35-cp35m-win_amd64.whl", hash = "sha256:903bbd302a2378f984aef528f76d4c9b1748f318fe1294961c072bdc7f2ffa3e"},
    {file = "greenlet-1.1.2-cp36-cp36m-macosx_10_14_x86_64.whl", hash = "sha256:049fe7579230e44daef03a259faa24511d10ebfa44f69411d99e6a184fe68073"},
    {file = "greenlet-1.1.2-cp36-cp36m-manylinux1_x86_64.whl", hash = "sha256:dd0b1e9e891f69e7675ba5c92e28b90eaa045f6ab134ffe70b52e948aa175b3c"},
    {file = "greenlet-1.1.2-cp36-cp36m-manylinux2010_x86_64.whl", hash = "sha256:7418b6bfc7fe3331541b84bb2141c9baf1ec7132a7ecd9f375912eca810e714e"},
    {file = "greenlet-1.1.2-cp36-cp36m-manylinux_2_17_aarch64.manylinux2014_aarch64.whl", hash = "sha256:f9d29ca8a77117315101425ec7ec2a47a22ccf59f5593378fc4077ac5b754fce"},
    {file = "greenlet-1.1.2-cp36-cp36m-manylinux_2_17_ppc64le.manylinux2014_ppc64le.whl", hash = "sha256:21915eb821a6b3d9d8eefdaf57d6c345b970ad722f856cd71739493ce003ad08"},
    {file = "greenlet-1.1.2-cp36-cp36m-manylinux_2_17_x86_64.manylinux2014_x86_64.whl", hash = "sha256:eff9d20417ff9dcb0d25e2defc2574d10b491bf2e693b4e491914738b7908168"},
    {file = "greenlet-1.1.2-cp36-cp36m-musllinux_1_1_x86_64.whl", hash = "sha256:b8c008de9d0daba7b6666aa5bbfdc23dcd78cafc33997c9b7741ff6353bafb7f"},
    {file = "greenlet-1.1.2-cp36-cp36m-win32.whl", hash = "sha256:32ca72bbc673adbcfecb935bb3fb1b74e663d10a4b241aaa2f5a75fe1d1f90aa"},
    {file = "greenlet-1.1.2-cp36-cp36m-win_amd64.whl", hash = "sha256:f0214eb2a23b85528310dad848ad2ac58e735612929c8072f6093f3585fd342d"},
    {file = "greenlet-1.1.2-cp37-cp37m-macosx_10_14_x86_64.whl", hash = "sha256:b92e29e58bef6d9cfd340c72b04d74c4b4e9f70c9fa7c78b674d1fec18896dc4"},
    {file = "greenlet-1.1.2-cp37-cp37m-manylinux1_x86_64.whl", hash = "sha256:fdcec0b8399108577ec290f55551d926d9a1fa6cad45882093a7a07ac5ec147b"},
    {file = "greenlet-1.1.2-cp37-cp37m-manylinux2010_x86_64.whl", hash = "sha256:93f81b134a165cc17123626ab8da2e30c0455441d4ab5576eed73a64c025b25c"},
    {file = "greenlet-1.1.2-cp37-cp37m-manylinux_2_17_aarch64.manylinux2014_aarch64.whl", hash = "sha256:1e12bdc622676ce47ae9abbf455c189e442afdde8818d9da983085df6312e7a1"},
    {file = "greenlet-1.1.2-cp37-cp37m-manylinux_2_17_ppc64le.manylinux2014_ppc64le.whl", hash = "sha256:8c790abda465726cfb8bb08bd4ca9a5d0a7bd77c7ac1ca1b839ad823b948ea28"},
    {file = "greenlet-1.1.2-cp37-cp37m-manylinux_2_17_x86_64.manylinux2014_x86_64.whl", hash = "sha256:f276df9830dba7a333544bd41070e8175762a7ac20350786b322b714b0e654f5"},
    {file = "greenlet-1.1.2-cp37-cp37m-musllinux_1_1_x86_64.whl", hash = "sha256:8c5d5b35f789a030ebb95bff352f1d27a93d81069f2adb3182d99882e095cefe"},
    {file = "greenlet-1.1.2-cp37-cp37m-win32.whl", hash = "sha256:64e6175c2e53195278d7388c454e0b30997573f3f4bd63697f88d855f7a6a1fc"},
    {file = "greenlet-1.1.2-cp37-cp37m-win_amd64.whl", hash = "sha256:b11548073a2213d950c3f671aa88e6f83cda6e2fb97a8b6317b1b5b33d850e06"},
    {file = "greenlet-1.1.2-cp38-cp38-macosx_10_14_x86_64.whl", hash = "sha256:9633b3034d3d901f0a46b7939f8c4d64427dfba6bbc5a36b1a67364cf148a1b0"},
    {file = "greenlet-1.1.2-cp38-cp38-manylinux1_x86_64.whl", hash = "sha256:eb6ea6da4c787111adf40f697b4e58732ee0942b5d3bd8f435277643329ba627"},
    {file = "greenlet-1.1.2-cp38-cp38-manylinux2010_x86_64.whl", hash = "sha256:f3acda1924472472ddd60c29e5b9db0cec629fbe3c5c5accb74d6d6d14773478"},
    {file = "greenlet-1.1.2-cp38-cp38-manylinux_2_17_aarch64.manylinux2014_aarch64.whl", hash = "sha256:e859fcb4cbe93504ea18008d1df98dee4f7766db66c435e4882ab35cf70cac43"},
    {file = "greenlet-1.1.2-cp38-cp38-manylinux_2_17_ppc64le.manylinux2014_ppc64le.whl", hash = "sha256:00e44c8afdbe5467e4f7b5851be223be68adb4272f44696ee71fe46b7036a711"},
    {file = "greenlet-1.1.2-cp38-cp38-manylinux_2_17_x86_64.manylinux2014_x86_64.whl", hash = "sha256:ec8c433b3ab0419100bd45b47c9c8551248a5aee30ca5e9d399a0b57ac04651b"},
    {file = "greenlet-1.1.2-cp38-cp38-musllinux_1_1_x86_64.whl", hash = "sha256:2bde6792f313f4e918caabc46532aa64aa27a0db05d75b20edfc5c6f46479de2"},
    {file = "greenlet-1.1.2-cp38-cp38-win32.whl", hash = "sha256:288c6a76705dc54fba69fbcb59904ae4ad768b4c768839b8ca5fdadec6dd8cfd"},
    {file = "greenlet-1.1.2-cp38-cp38-win_amd64.whl", hash = "sha256:8d2f1fb53a421b410751887eb4ff21386d119ef9cde3797bf5e7ed49fb51a3b3"},
    {file = "greenlet-1.1.2-cp39-cp39-macosx_10_14_x86_64.whl", hash = "sha256:166eac03e48784a6a6e0e5f041cfebb1ab400b394db188c48b3a84737f505b67"},
    {file = "greenlet-1.1.2-cp39-cp39-manylinux1_x86_64.whl", hash = "sha256:572e1787d1460da79590bf44304abbc0a2da944ea64ec549188fa84d89bba7ab"},
    {file = "greenlet-1.1.2-cp39-cp39-manylinux2010_x86_64.whl", hash = "sha256:be5f425ff1f5f4b3c1e33ad64ab994eed12fc284a6ea71c5243fd564502ecbe5"},
    {file = "greenlet-1.1.2-cp39-cp39-manylinux_2_17_aarch64.manylinux2014_aarch64.whl", hash = "sha256:b1692f7d6bc45e3200844be0dba153612103db241691088626a33ff1f24a0d88"},
    {file = "greenlet-1.1.2-cp39-cp39-manylinux_2_17_ppc64le.manylinux2014_ppc64le.whl", hash = "sha256:7227b47e73dedaa513cdebb98469705ef0d66eb5a1250144468e9c3097d6b59b"},
    {file = "greenlet-1.1.2-cp39-cp39-manylinux_2_17_x86_64.manylinux2014_x86_64.whl", hash = "sha256:7ff61ff178250f9bb3cd89752df0f1dd0e27316a8bd1465351652b1b4a4cdfd3"},
    {file = "greenlet-1.1.2-cp39-cp39-musllinux_1_1_x86_64.whl", hash = "sha256:0051c6f1f27cb756ffc0ffbac7d2cd48cb0362ac1736871399a739b2885134d3"},
    {file = "greenlet-1.1.2-cp39-cp39-win32.whl", hash = "sha256:f70a9e237bb792c7cc7e44c531fd48f5897961701cdaa06cf22fc14965c496cf"},
    {file = "greenlet-1.1.2-cp39-cp39-win_amd64.whl", hash = "sha256:013d61294b6cd8fe3242932c1c5e36e5d1db2c8afb58606c5a67efce62c1f5fd"},
    {file = "greenlet-1.1.2.tar.gz", hash = "sha256:e30f5ea4ae2346e62cedde8794a56858a67b878dd79f7df76a0767e356b1744a"},
]
pycryptodome = [
    {file = "pycryptodome-3.14.1-cp27-cp27m-macosx_10_9_x86_64.whl", hash = "sha256:75a3a364fee153e77ed889c957f6f94ec6d234b82e7195b117180dcc9fc16f96"},
    {file = "pycryptodome-3.14.1-cp27-cp27m-manylinux1_i686.whl", hash = "sha256:aae395f79fa549fb1f6e3dc85cf277f0351e15a22e6547250056c7f0c990d6a5"},
    {file = "pycryptodome-3.14.1-cp27-cp27m-manylinux1_x86_64.whl", hash = "sha256:f403a3e297a59d94121cb3ee4b1cf41f844332940a62d71f9e4a009cc3533493"},
    {file = "pycryptodome-3.14.1-cp27-cp27m-manylinux2010_i686.whl", hash = "sha256:ce7a875694cd6ccd8682017a7c06c6483600f151d8916f2b25cf7a439e600263"},
    {file = "pycryptodome-3.14.1-cp27-cp27m-manylinux2010_x86_64.whl", hash = "sha256:a36ab51674b014ba03da7f98b675fcb8eabd709a2d8e18219f784aba2db73b72"},
    {file = "pycryptodome-3.14.1-cp27-cp27m-manylinux2014_aarch64.whl", hash = "sha256:50a5346af703330944bea503106cd50c9c2212174cfcb9939db4deb5305a8367"},
    {file = "pycryptodome-3.14.1-cp27-cp27m-win32.whl", hash = "sha256:36e3242c4792e54ed906c53f5d840712793dc68b726ec6baefd8d978c5282d30"},
    {file = "pycryptodome-3.14.1-cp27-cp27m-win_amd64.whl", hash = "sha256:c880a98376939165b7dc504559f60abe234b99e294523a273847f9e7756f4132"},
    {file = "pycryptodome-3.14.1-cp27-cp27mu-manylinux1_i686.whl", hash = "sha256:dcd65355acba9a1d0fc9b923875da35ed50506e339b35436277703d7ace3e222"},
    {file = "pycryptodome-3.14.1-cp27-cp27mu-manylinux1_x86_64.whl", hash = "sha256:766a8e9832128c70012e0c2b263049506cbf334fb21ff7224e2704102b6ef59e"},
    {file = "pycryptodome-3.14.1-cp27-cp27mu-manylinux2010_i686.whl", hash = "sha256:2562de213960693b6d657098505fd4493c45f3429304da67efcbeb61f0edfe89"},
    {file = "pycryptodome-3.14.1-cp27-cp27mu-manylinux2010_x86_64.whl", hash = "sha256:d1b7739b68a032ad14c5e51f7e4e1a5f92f3628bba024a2bda1f30c481fc85d8"},
    {file = "pycryptodome-3.14.1-cp27-cp27mu-manylinux2014_aarch64.whl", hash = "sha256:27e92c1293afcb8d2639baf7eb43f4baada86e4de0f1fb22312bfc989b95dae2"},
    {file = "pycryptodome-3.14.1-cp35-abi3-macosx_10_9_x86_64.whl", hash = "sha256:f2772af1c3ef8025c85335f8b828d0193fa1e43256621f613280e2c81bfad423"},
    {file = "pycryptodome-3.14.1-cp35-abi3-manylinux1_i686.whl", hash = "sha256:9ec761a35dbac4a99dcbc5cd557e6e57432ddf3e17af8c3c86b44af9da0189c0"},
    {file = "pycryptodome-3.14.1-cp35-abi3-manylinux1_x86_64.whl", hash = "sha256:e64738207a02a83590df35f59d708bf1e7ea0d6adce712a777be2967e5f7043c"},
    {file = "pycryptodome-3.14.1-cp35-abi3-manylinux2010_i686.whl", hash = "sha256:e24d4ec4b029611359566c52f31af45c5aecde7ef90bf8f31620fd44c438efe7"},
    {file = "pycryptodome-3.14.1-cp35-abi3-manylinux2010_x86_64.whl", hash = "sha256:8b5c28058102e2974b9868d72ae5144128485d466ba8739abd674b77971454cc"},
    {file = "pycryptodome-3.14.1-cp35-abi3-manylinux2014_aarch64.whl", hash = "sha256:924b6aad5386fb54f2645f22658cb0398b1f25bc1e714a6d1522c75d527deaa5"},
    {file = "pycryptodome-3.14.1-cp35-abi3-win32.whl", hash = "sha256:53dedbd2a6a0b02924718b520a723e88bcf22e37076191eb9b91b79934fb2192"},
    {file = "pycryptodome-3.14.1-cp35-abi3-win_amd64.whl", hash = "sha256:ea56a35fd0d13121417d39a83f291017551fa2c62d6daa6b04af6ece7ed30d84"},
    {file = "pycryptodome-3.14.1-pp27-pypy_73-macosx_10_9_x86_64.whl", hash = "sha256:028dcbf62d128b4335b61c9fbb7dd8c376594db607ef36d5721ee659719935d5"},
    {file = "pycryptodome-3.14.1-pp27-pypy_73-manylinux1_x86_64.whl", hash = "sha256:69f05aaa90c99ac2f2af72d8d7f185f729721ad7c4be89e9e3d0ab101b0ee875"},
    {file = "pycryptodome-3.14.1-pp27-pypy_73-manylinux2010_x86_64.whl", hash = "sha256:12ef157eb1e01a157ca43eda275fa68f8db0dd2792bc4fe00479ab8f0e6ae075"},
    {file = "pycryptodome-3.14.1-pp27-pypy_73-win32.whl", hash = "sha256:f572a3ff7b6029dd9b904d6be4e0ce9e309dcb847b03e3ac8698d9d23bb36525"},
    {file = "pycryptodome-3.14.1-pp36-pypy36_pp73-macosx_10_9_x86_64.whl", hash = "sha256:9924248d6920b59c260adcae3ee231cd5af404ac706ad30aa4cd87051bf09c50"},
    {file = "pycryptodome-3.14.1-pp36-pypy36_pp73-manylinux1_x86_64.whl", hash = "sha256:e0c04c41e9ade19fbc0eff6aacea40b831bfcb2c91c266137bcdfd0d7b2f33ba"},
    {file = "pycryptodome-3.14.1-pp36-pypy36_pp73-manylinux2010_x86_64.whl", hash = "sha256:893f32210de74b9f8ac869ed66c97d04e7d351182d6d39ebd3b36d3db8bda65d"},
    {file = "pycryptodome-3.14.1-pp36-pypy36_pp73-win32.whl", hash = "sha256:7fb90a5000cc9c9ff34b4d99f7f039e9c3477700e309ff234eafca7b7471afc0"},
    {file = "pycryptodome-3.14.1.tar.gz", hash = "sha256:e04e40a7f8c1669195536a37979dd87da2c32dbdc73d6fe35f0077b0c17c803b"},
]
pydantic = [
    {file = "pydantic-1.9.0-cp310-cp310-macosx_10_9_x86_64.whl", hash = "sha256:cb23bcc093697cdea2708baae4f9ba0e972960a835af22560f6ae4e7e47d33f5"},
    {file = "pydantic-1.9.0-cp310-cp310-macosx_11_0_arm64.whl", hash = "sha256:1d5278bd9f0eee04a44c712982343103bba63507480bfd2fc2790fa70cd64cf4"},
    {file = "pydantic-1.9.0-cp310-cp310-manylinux_2_17_x86_64.manylinux2014_x86_64.whl", hash = "sha256:ab624700dc145aa809e6f3ec93fb8e7d0f99d9023b713f6a953637429b437d37"},
    {file = "pydantic-1.9.0-cp310-cp310-manylinux_2_5_i686.manylinux1_i686.manylinux_2_17_i686.manylinux2014_i686.whl", hash = "sha256:c8d7da6f1c1049eefb718d43d99ad73100c958a5367d30b9321b092771e96c25"},
    {file = "pydantic-1.9.0-cp310-cp310-musllinux_1_1_i686.whl", hash = "sha256:3c3b035103bd4e2e4a28da9da7ef2fa47b00ee4a9cf4f1a735214c1bcd05e0f6"},
    {file = "pydantic-1.9.0-cp310-cp310-musllinux_1_1_x86_64.whl", hash = "sha256:3011b975c973819883842c5ab925a4e4298dffccf7782c55ec3580ed17dc464c"},
    {file = "pydantic-1.9.0-cp310-cp310-win_amd64.whl", hash = "sha256:086254884d10d3ba16da0588604ffdc5aab3f7f09557b998373e885c690dd398"},
    {file = "pydantic-1.9.0-cp36-cp36m-macosx_10_9_x86_64.whl", hash = "sha256:0fe476769acaa7fcddd17cadd172b156b53546ec3614a4d880e5d29ea5fbce65"},
    {file = "pydantic-1.9.0-cp36-cp36m-manylinux_2_17_x86_64.manylinux2014_x86_64.whl", hash = "sha256:c8e9dcf1ac499679aceedac7e7ca6d8641f0193c591a2d090282aaf8e9445a46"},
    {file = "pydantic-1.9.0-cp36-cp36m-manylinux_2_5_i686.manylinux1_i686.manylinux_2_17_i686.manylinux2014_i686.whl", hash = "sha256:d1e4c28f30e767fd07f2ddc6f74f41f034d1dd6bc526cd59e63a82fe8bb9ef4c"},
    {file = "pydantic-1.9.0-cp36-cp36m-musllinux_1_1_i686.whl", hash = "sha256:c86229333cabaaa8c51cf971496f10318c4734cf7b641f08af0a6fbf17ca3054"},
    {file = "pydantic-1.9.0-cp36-cp36m-musllinux_1_1_x86_64.whl", hash = "sha256:c0727bda6e38144d464daec31dff936a82917f431d9c39c39c60a26567eae3ed"},
    {file = "pydantic-1.9.0-cp36-cp36m-win_amd64.whl", hash = "sha256:dee5ef83a76ac31ab0c78c10bd7d5437bfdb6358c95b91f1ba7ff7b76f9996a1"},
    {file = "pydantic-1.9.0-cp37-cp37m-macosx_10_9_x86_64.whl", hash = "sha256:d9c9bdb3af48e242838f9f6e6127de9be7063aad17b32215ccc36a09c5cf1070"},
    {file = "pydantic-1.9.0-cp37-cp37m-manylinux_2_17_x86_64.manylinux2014_x86_64.whl", hash = "sha256:2ee7e3209db1e468341ef41fe263eb655f67f5c5a76c924044314e139a1103a2"},
    {file = "pydantic-1.9.0-cp37-cp37m-manylinux_2_5_i686.manylinux1_i686.manylinux_2_17_i686.manylinux2014_i686.whl", hash = "sha256:0b6037175234850ffd094ca77bf60fb54b08b5b22bc85865331dd3bda7a02fa1"},
    {file = "pydantic-1.9.0-cp37-cp37m-musllinux_1_1_i686.whl", hash = "sha256:b2571db88c636d862b35090ccf92bf24004393f85c8870a37f42d9f23d13e032"},
    {file = "pydantic-1.9.0-cp37-cp37m-musllinux_1_1_x86_64.whl", hash = "sha256:8b5ac0f1c83d31b324e57a273da59197c83d1bb18171e512908fe5dc7278a1d6"},
    {file = "pydantic-1.9.0-cp37-cp37m-win_amd64.whl", hash = "sha256:bbbc94d0c94dd80b3340fc4f04fd4d701f4b038ebad72c39693c794fd3bc2d9d"},
    {file = "pydantic-1.9.0-cp38-cp38-macosx_10_9_x86_64.whl", hash = "sha256:e0896200b6a40197405af18828da49f067c2fa1f821491bc8f5bde241ef3f7d7"},
    {file = "pydantic-1.9.0-cp38-cp38-macosx_11_0_arm64.whl", hash = "sha256:7bdfdadb5994b44bd5579cfa7c9b0e1b0e540c952d56f627eb227851cda9db77"},
    {file = "pydantic-1.9.0-cp38-cp38-manylinux_2_17_x86_64.manylinux2014_x86_64.whl", hash = "sha256:574936363cd4b9eed8acdd6b80d0143162f2eb654d96cb3a8ee91d3e64bf4cf9"},
    {file = "pydantic-1.9.0-cp38-cp38-manylinux_2_5_i686.manylinux1_i686.manylinux_2_17_i686.manylinux2014_i686.whl", hash = "sha256:c556695b699f648c58373b542534308922c46a1cda06ea47bc9ca45ef5b39ae6"},
    {file = "pydantic-1.9.0-cp38-cp38-musllinux_1_1_i686.whl", hash = "sha256:f947352c3434e8b937e3aa8f96f47bdfe6d92779e44bb3f41e4c213ba6a32145"},
    {file = "pydantic-1.9.0-cp38-cp38-musllinux_1_1_x86_64.whl", hash = "sha256:5e48ef4a8b8c066c4a31409d91d7ca372a774d0212da2787c0d32f8045b1e034"},
    {file = "pydantic-1.9.0-cp38-cp38-win_amd64.whl", hash = "sha256:96f240bce182ca7fe045c76bcebfa0b0534a1bf402ed05914a6f1dadff91877f"},
    {file = "pydantic-1.9.0-cp39-cp39-macosx_10_9_x86_64.whl", hash = "sha256:815ddebb2792efd4bba5488bc8fde09c29e8ca3227d27cf1c6990fc830fd292b"},
    {file = "pydantic-1.9.0-cp39-cp39-macosx_11_0_arm64.whl", hash = "sha256:6c5b77947b9e85a54848343928b597b4f74fc364b70926b3c4441ff52620640c"},
    {file = "pydantic-1.9.0-cp39-cp39-manylinux_2_17_x86_64.manylinux2014_x86_64.whl", hash = "sha256:4c68c3bc88dbda2a6805e9a142ce84782d3930f8fdd9655430d8576315ad97ce"},
    {file = "pydantic-1.9.0-cp39-cp39-manylinux_2_5_i686.manylinux1_i686.manylinux_2_17_i686.manylinux2014_i686.whl", hash = "sha256:5a79330f8571faf71bf93667d3ee054609816f10a259a109a0738dac983b23c3"},
    {file = "pydantic-1.9.0-cp39-cp39-musllinux_1_1_i686.whl", hash = "sha256:f5a64b64ddf4c99fe201ac2724daada8595ada0d102ab96d019c1555c2d6441d"},
    {file = "pydantic-1.9.0-cp39-cp39-musllinux_1_1_x86_64.whl", hash = "sha256:a733965f1a2b4090a5238d40d983dcd78f3ecea221c7af1497b845a9709c1721"},
    {file = "pydantic-1.9.0-cp39-cp39-win_amd64.whl", hash = "sha256:2cc6a4cb8a118ffec2ca5fcb47afbacb4f16d0ab8b7350ddea5e8ef7bcc53a16"},
    {file = "pydantic-1.9.0-py3-none-any.whl", hash = "sha256:085ca1de245782e9b46cefcf99deecc67d418737a1fd3f6a4f511344b613a5b3"},
    {file = "pydantic-1.9.0.tar.gz", hash = "sha256:742645059757a56ecd886faf4ed2441b9c0cd406079c2b4bee51bcc3fbcd510a"},
]
pymongo = [
    {file = "pymongo-4.0.1-cp310-cp310-macosx_10_9_universal2.whl", hash = "sha256:62459b91a513a7b441cfd70ea7fd15c50b858877ca823915d32bab08fe173edb"},
    {file = "pymongo-4.0.1-cp310-cp310-manylinux1_i686.whl", hash = "sha256:633ca2001f80900142068bab907feca99554b557ac105c74a9ed157ed38ca5d6"},
    {file = "pymongo-4.0.1-cp310-cp310-manylinux2014_aarch64.whl", hash = "sha256:774b9f48bdc385af6654def31e7a7617e01b99cc8aaca1ab3ef6ea0492205e57"},
    {file = "pymongo-4.0.1-cp310-cp310-manylinux2014_i686.whl", hash = "sha256:1c153274699424e8f89f2097d5113f8cbe7898a8d62afaad0270a0f0bd0af53b"},
    {file = "pymongo-4.0.1-cp310-cp310-manylinux2014_ppc64le.whl", hash = "sha256:c878286b1464f462616a47f315d14f02f03512c6b81cb568e996c3f1f79bff8a"},
    {file = "pymongo-4.0.1-cp310-cp310-manylinux2014_s390x.whl", hash = "sha256:e4e36810c541bd1976cd05452e797860b775886cf32c3e8136b9fe48c2c8ba95"},
    {file = "pymongo-4.0.1-cp310-cp310-manylinux2014_x86_64.whl", hash = "sha256:75e449ab068af63b7729195343315bc63d242166d88467314be182cc54ce235d"},
    {file = "pymongo-4.0.1-cp310-cp310-manylinux_2_17_aarch64.manylinux2014_aarch64.whl", hash = "sha256:b0606d14892ae2a2b1450e37c8924381e9b64683386a9853e4467f02fd5b44b6"},
    {file = "pymongo-4.0.1-cp310-cp310-manylinux_2_17_ppc64le.manylinux2014_ppc64le.whl", hash = "sha256:5cbfa85a12cfe3dca21951cd432051c505ac461bd9f4a635207d982dd9df2373"},
    {file = "pymongo-4.0.1-cp310-cp310-manylinux_2_17_s390x.manylinux2014_s390x.whl", hash = "sha256:71810eade75ae1c466adc158d1fa8141040f75427b76240316d97f3c89edd72f"},
    {file = "pymongo-4.0.1-cp310-cp310-manylinux_2_17_x86_64.manylinux2014_x86_64.whl", hash = "sha256:716499113650aacfe1b94d37e0a863f1e84b8d47737c74a2f44f8dfccad46952"},
    {file = "pymongo-4.0.1-cp310-cp310-manylinux_2_5_i686.manylinux1_i686.manylinux_2_17_i686.manylinux2014_i686.whl", hash = "sha256:349c8e522e0b785f442fc9d7fc01c59f7f13f1abe9395310d0d817cff03ec034"},
    {file = "pymongo-4.0.1-cp310-cp310-win32.whl", hash = "sha256:0271bbba36bb130202e011171c1883c4c193036ad0b1e02ecfbea6837790b7de"},
    {file = "pymongo-4.0.1-cp310-cp310-win_amd64.whl", hash = "sha256:d419e2dbc4943ad6df7ee05e707d7b2c2b512b92407bb6ff643bccbdea399c3a"},
    {file = "pymongo-4.0.1-cp36-cp36m-macosx_10_9_x86_64.whl", hash = "sha256:1ba8eb426d56556fffec53d600a8f2572589c19d50b30f61daa8f4d72ab92fbe"},
    {file = "pymongo-4.0.1-cp36-cp36m-manylinux1_i686.whl", hash = "sha256:47a58f15fc70198cf95982f9699e17fec12287b90f30e90c5e2b7c1c1bc07914"},
    {file = "pymongo-4.0.1-cp36-cp36m-manylinux1_x86_64.whl", hash = "sha256:3a4eb0a4db8a2d960bdd5354f05e2e57530e83d333cb644fb2b7120a7a954a69"},
    {file = "pymongo-4.0.1-cp36-cp36m-manylinux2014_aarch64.whl", hash = "sha256:b73ff8582964f52ab1bf1a9fdddc1454143172a0b8a9d7d6e3972dd1134f7982"},
    {file = "pymongo-4.0.1-cp36-cp36m-manylinux2014_i686.whl", hash = "sha256:8baf23d6a0a08b697854e5bcdf82afb91da732cf575fd47ee93945c3654132d8"},
    {file = "pymongo-4.0.1-cp36-cp36m-manylinux2014_ppc64le.whl", hash = "sha256:6cd7a4321e718cb98a7c7c475b0757e77fdaf1cdb013d7d2e781ba45219e1144"},
    {file = "pymongo-4.0.1-cp36-cp36m-manylinux2014_s390x.whl", hash = "sha256:e5441f4c8142a250695e249e432637c14f79d856a2b60e0974da082e006c53e2"},
    {file = "pymongo-4.0.1-cp36-cp36m-manylinux2014_x86_64.whl", hash = "sha256:069d49b193f94bb1d748cfd8faf697060a2299f40d86bf5b6d41dd3cedf0fd48"},
    {file = "pymongo-4.0.1-cp36-cp36m-manylinux_2_17_aarch64.manylinux2014_aarch64.whl", hash = "sha256:f3e20eb096deea92350f7198a4287d45883a62fe4459d027ce789e72ceba12ee"},
    {file = "pymongo-4.0.1-cp36-cp36m-manylinux_2_17_ppc64le.manylinux2014_ppc64le.whl", hash = "sha256:8da525765dbcc1b7abf1bba623f9f701d8759a8fb19594cd71a13b7b0c2c56bd"},
    {file = "pymongo-4.0.1-cp36-cp36m-manylinux_2_17_s390x.manylinux2014_s390x.whl", hash = "sha256:9ff0dbec451a2c6226bbd6f2bbbde438bc263e002f3f97d151c8708732ba5197"},
    {file = "pymongo-4.0.1-cp36-cp36m-manylinux_2_17_x86_64.manylinux2014_x86_64.whl", hash = "sha256:06af6e6374ee2bb70f724e09ddf9402907a3d6714828b908737948cd83e5685c"},
    {file = "pymongo-4.0.1-cp36-cp36m-manylinux_2_5_i686.manylinux1_i686.manylinux_2_17_i686.manylinux2014_i686.whl", hash = "sha256:0e9a2628bcd896368ede456bcfe189d9ca65b18fb0dd91974cb734baf2e24af9"},
    {file = "pymongo-4.0.1-cp36-cp36m-manylinux_2_5_i686.manylinux1_i686.whl", hash = "sha256:c0efc5ab7d9b9e64726496bf650dbc7f1754124a48d076e5292cc5306e61a530"},
    {file = "pymongo-4.0.1-cp36-cp36m-manylinux_2_5_x86_64.manylinux1_x86_64.whl", hash = "sha256:ceb9a4986f56595e73fffeef3ec037280eda938ed5fe6e4e0961656669d89b32"},
    {file = "pymongo-4.0.1-cp36-cp36m-win32.whl", hash = "sha256:c86a0614eda95db036fae01a89f3917d7abdc657c806bac2a32eec74724d9330"},
    {file = "pymongo-4.0.1-cp36-cp36m-win_amd64.whl", hash = "sha256:59a4a5fe5379e4fa93380fd0b55bccbdbeb8d04fcfbbad8b42bd31610d5ed3ad"},
    {file = "pymongo-4.0.1-cp37-cp37m-macosx_10_9_x86_64.whl", hash = "sha256:686c40344f7f82c4deaa4e17aa46ad97df51263be1434aeedd2d6b6f38c7f44a"},
    {file = "pymongo-4.0.1-cp37-cp37m-manylinux1_i686.whl", hash = "sha256:12d336bdbe60982de55651be397b5e49d7eadd2aa144f11da353002cd52502ed"},
    {file = "pymongo-4.0.1-cp37-cp37m-manylinux1_x86_64.whl", hash = "sha256:bf6047dea1bc8ae19fc14e01b5cb70b3810f91b100d9a535751dd3eadcd3016c"},
    {file = "pymongo-4.0.1-cp37-cp37m-manylinux2014_aarch64.whl", hash = "sha256:a47f4b24b1360da172cae07ce90e9bd425b6db0052d76142c7fef47173a27283"},
    {file = "pymongo-4.0.1-cp37-cp37m-manylinux2014_i686.whl", hash = "sha256:9043bfb816ed50d831acc8d06469dcc41597b4f50c30e62227a93f9f9e37d6c7"},
    {file = "pymongo-4.0.1-cp37-cp37m-manylinux2014_ppc64le.whl", hash = "sha256:512059a902ea2cbcd0afac370af580e67ccd4c7e41ecaff0f0fbd03653b25ca2"},
    {file = "pymongo-4.0.1-cp37-cp37m-manylinux2014_s390x.whl", hash = "sha256:1498f388181ae5592c7b60549faaefaffc62d6e3754097576611cb642d21d37b"},
    {file = "pymongo-4.0.1-cp37-cp37m-manylinux2014_x86_64.whl", hash = "sha256:186b2ff4518c1c169fcef5047deb0e6c13a2354d143859587e745fd9f2cf68e9"},
    {file = "pymongo-4.0.1-cp37-cp37m-manylinux_2_17_aarch64.manylinux2014_aarch64.whl", hash = "sha256:7450b25a803b0f57dae4c3fbd0df742f7f3344c3c9cabb86e4180083c3ebd893"},
    {file = "pymongo-4.0.1-cp37-cp37m-manylinux_2_17_ppc64le.manylinux2014_ppc64le.whl", hash = "sha256:0c77cd3dbe0dd9e7cdf8c93dc24e5a4fcb56e115ffb259d4f399e4aaf3f3c62d"},
    {file = "pymongo-4.0.1-cp37-cp37m-manylinux_2_17_s390x.manylinux2014_s390x.whl", hash = "sha256:51664dac8d9b138259876f324adca5ab31d991acf88d1d0ffcc94f423ff2e31b"},
    {file = "pymongo-4.0.1-cp37-cp37m-manylinux_2_17_x86_64.manylinux2014_x86_64.whl", hash = "sha256:91c049104b51321e4e18d41edc6850d9f0890ac609b3cb3b8db86dc51666de17"},
    {file = "pymongo-4.0.1-cp37-cp37m-manylinux_2_5_i686.manylinux1_i686.manylinux_2_17_i686.manylinux2014_i686.whl", hash = "sha256:d9f61b08b60909d936c1f3a4e12c163ca71fd1a4665fc6e078afc6f54f886977"},
    {file = "pymongo-4.0.1-cp37-cp37m-manylinux_2_5_i686.manylinux1_i686.whl", hash = "sha256:953129b6b952a9d22042ac23050053444624f630e1928f5f590788660905fa9c"},
    {file = "pymongo-4.0.1-cp37-cp37m-manylinux_2_5_x86_64.manylinux1_x86_64.whl", hash = "sha256:e2b6a323ca545bcb4286d14c0bd75d9a1f5bce2fa1d7fa3621e5f71fd9b8d196"},
    {file = "pymongo-4.0.1-cp37-cp37m-win32.whl", hash = "sha256:e7aedefc87cb46544a3865a19c1d5ca7ddf5ec5ed7dfe162d9538d7543aef499"},
    {file = "pymongo-4.0.1-cp37-cp37m-win_amd64.whl", hash = "sha256:177ed1b14aa4f84f00ebef1b0f785680fbaa610361942b23eb54f562fe4c6b34"},
    {file = "pymongo-4.0.1-cp38-cp38-macosx_10_9_x86_64.whl", hash = "sha256:ddaf391ba74eef47eb5afbc40d0b6ddcdbdb417ec8edc8ae95352d25485076db"},
    {file = "pymongo-4.0.1-cp38-cp38-manylinux1_i686.whl", hash = "sha256:35a5843546bcbe0422f30b4b2bd5e0b630b04cc4006492c70e8168a921d94b9e"},
    {file = "pymongo-4.0.1-cp38-cp38-manylinux1_x86_64.whl", hash = "sha256:86d0e28dd5867153d9d9963a4eb17764854a925758fc2db0a814260f82fd4319"},
    {file = "pymongo-4.0.1-cp38-cp38-manylinux2014_aarch64.whl", hash = "sha256:28afb00423e521f4b04fb8f75da7c0215e46631e821e27abf5a7176f9b671f47"},
    {file = "pymongo-4.0.1-cp38-cp38-manylinux2014_i686.whl", hash = "sha256:5fea4207fec8909e155a7948c987eac61949dbbe97fd0c388e587d06ba9bc78d"},
    {file = "pymongo-4.0.1-cp38-cp38-manylinux2014_ppc64le.whl", hash = "sha256:1fd71b4d7070b01c7f66edc44c1ec2f8bcace2761c3a6ecc10449a40e474d2fa"},
    {file = "pymongo-4.0.1-cp38-cp38-manylinux2014_s390x.whl", hash = "sha256:8869feff59f08cd63979df26aa12343a85bdc7fbd1b79fda8ae39f31a310fa62"},
    {file = "pymongo-4.0.1-cp38-cp38-manylinux2014_x86_64.whl", hash = "sha256:132cc67b909835d7c230888387b4cc9596d4559a3ce90d947e03bc0b0ffe420b"},
    {file = "pymongo-4.0.1-cp38-cp38-manylinux_2_17_aarch64.manylinux2014_aarch64.whl", hash = "sha256:7629abba158610cb5db6c22041b287f9398555d72bf9468d44d2efc03d837b81"},
    {file = "pymongo-4.0.1-cp38-cp38-manylinux_2_17_ppc64le.manylinux2014_ppc64le.whl", hash = "sha256:f785375ca2b4e2192786f1e0d2a94c66900d12e780ebae1eccbbab85eb9a7054"},
    {file = "pymongo-4.0.1-cp38-cp38-manylinux_2_17_s390x.manylinux2014_s390x.whl", hash = "sha256:d66462f740dcea496bd779775688a0f805860f0b01998bb59ca22566b098ee26"},
    {file = "pymongo-4.0.1-cp38-cp38-manylinux_2_17_x86_64.manylinux2014_x86_64.whl", hash = "sha256:426584e99af31ad2398e617c3eb0f1ebcda37f0ffb2d3e56087cdaf23a2f1689"},
    {file = "pymongo-4.0.1-cp38-cp38-manylinux_2_5_i686.manylinux1_i686.manylinux_2_17_i686.manylinux2014_i686.whl", hash = "sha256:f2b6e12f98cce588525f3db802c88f9795d294549ebfe7c2c9bb81333f533ecd"},
    {file = "pymongo-4.0.1-cp38-cp38-manylinux_2_5_i686.manylinux1_i686.whl", hash = "sha256:f333c0d71dd892683e608f8d1731785a0aa67b1ec012b0d9fc863e8d7224f64e"},
    {file = "pymongo-4.0.1-cp38-cp38-manylinux_2_5_x86_64.manylinux1_x86_64.whl", hash = "sha256:72a0c06b76b254bdec18af9add3b8d35796dda51e64a5e0e48d40bff7b41ab13"},
    {file = "pymongo-4.0.1-cp38-cp38-win32.whl", hash = "sha256:84eec41ed982f21ceb58689e16a630a70301eb14499c929388a5bf6464518d9d"},
    {file = "pymongo-4.0.1-cp38-cp38-win_amd64.whl", hash = "sha256:da576e59f5f8a642ee26d027479325a45be45defe075b6fa7c84506dabc76883"},
    {file = "pymongo-4.0.1-cp39-cp39-macosx_10_9_universal2.whl", hash = "sha256:cd4cde3dfdd347d638171eca53ee6e787d4b1247c6e182f8616039b1df6278d5"},
    {file = "pymongo-4.0.1-cp39-cp39-manylinux1_i686.whl", hash = "sha256:87dce7c85387ca033cf76cce773ace7675550dcffc456db32a34403439e53e45"},
    {file = "pymongo-4.0.1-cp39-cp39-manylinux1_x86_64.whl", hash = "sha256:d7514231a03e95072b32d9b335b96253799802ab94647ce83585d5010749380a"},
    {file = "pymongo-4.0.1-cp39-cp39-manylinux2014_aarch64.whl", hash = "sha256:93c25fbb5dbc436edbb74101f4da49a42bd3af534513fdf8e75fc72ef035d5e0"},
    {file = "pymongo-4.0.1-cp39-cp39-manylinux2014_i686.whl", hash = "sha256:7a091050bb8d54a5200193b4998e0cf763d083f93d97c7780963c09996f85a38"},
    {file = "pymongo-4.0.1-cp39-cp39-manylinux2014_ppc64le.whl", hash = "sha256:38b21eddd021a943b1978b0a3d42e974956a338e3dbb88d56aeb8b8799abd6e8"},
    {file = "pymongo-4.0.1-cp39-cp39-manylinux2014_s390x.whl", hash = "sha256:40269fe6bb79fe00c8ba7c2f2d542a82711eb234c3dedb90b7e489386120e9d1"},
    {file = "pymongo-4.0.1-cp39-cp39-manylinux2014_x86_64.whl", hash = "sha256:0238e53b452ab699b5e2e3f8af2557844c80ab0d0c7a0e066226882838e72756"},
    {file = "pymongo-4.0.1-cp39-cp39-manylinux_2_17_aarch64.manylinux2014_aarch64.whl", hash = "sha256:e3f6faea65a73ed54111f209b4a411fe012c68f04e8bde96dd7af89b13cac92b"},
    {file = "pymongo-4.0.1-cp39-cp39-manylinux_2_17_ppc64le.manylinux2014_ppc64le.whl", hash = "sha256:ee2c1fd5bd57fd0092dfa31c1f9f166cf2850f191311603ce343cadcc8608d60"},
    {file = "pymongo-4.0.1-cp39-cp39-manylinux_2_17_s390x.manylinux2014_s390x.whl", hash = "sha256:6f0605b1146bc24c720aac0e806492144aea9d5a4dc956589e0544301862756a"},
    {file = "pymongo-4.0.1-cp39-cp39-manylinux_2_17_x86_64.manylinux2014_x86_64.whl", hash = "sha256:a57e271a0647002b5683dd0c7c2fd7f5fb939357c44396d85298e51a3561b9e3"},
    {file = "pymongo-4.0.1-cp39-cp39-manylinux_2_5_i686.manylinux1_i686.manylinux_2_17_i686.manylinux2014_i686.whl", hash = "sha256:6183476860511cb553a7e4c40936221b6985af7852029c84df898370ec8a028c"},
    {file = "pymongo-4.0.1-cp39-cp39-manylinux_2_5_i686.manylinux1_i686.whl", hash = "sha256:1617fd52da7b208fe5ea176d251dd7cf1b5309e5a4272754b9599edfdf7e64e5"},
    {file = "pymongo-4.0.1-cp39-cp39-manylinux_2_5_x86_64.manylinux1_x86_64.whl", hash = "sha256:812650a2e8a08b812d6a3c937f482bd2c9355e90574964fa283b4d8ef4ae665e"},
    {file = "pymongo-4.0.1-cp39-cp39-win32.whl", hash = "sha256:7bdb66340e246b5dcddfcfe79a63ac2ec3808dc394853476f49fc785425040f4"},
    {file = "pymongo-4.0.1-cp39-cp39-win_amd64.whl", hash = "sha256:65f8a93816dcb2202710839907759aca9eece94d9f13215686f224fcc8966f9e"},
    {file = "pymongo-4.0.1.tar.gz", hash = "sha256:13d0624c13a91da71fa0d960205d93b3d98344481be865ee7cc238c972d41d73"},
]
pymysql = [
    {file = "PyMySQL-1.0.2-py3-none-any.whl", hash = "sha256:41fc3a0c5013d5f039639442321185532e3e2c8924687abe6537de157d403641"},
    {file = "PyMySQL-1.0.2.tar.gz", hash = "sha256:816927a350f38d56072aeca5dfb10221fe1dc653745853d30a216637f5d7ad36"},
]
python-json-logger = [
    {file = "python-json-logger-2.0.2.tar.gz", hash = "sha256:202a4f29901a4b8002a6d1b958407eeb2dd1d83c18b18b816f5b64476dde9096"},
    {file = "python_json_logger-2.0.2-py3-none-any.whl", hash = "sha256:99310d148f054e858cd5f4258794ed6777e7ad2c3fd7e1c1b527f1cba4d08420"},
]
sqlalchemy = [
    {file = "SQLAlchemy-1.4.31-cp27-cp27m-macosx_10_14_x86_64.whl", hash = "sha256:c3abc34fed19fdeaead0ced8cf56dd121f08198008c033596aa6aae7cc58f59f"},
    {file = "SQLAlchemy-1.4.31-cp27-cp27m-manylinux_2_5_x86_64.manylinux1_x86_64.whl", hash = "sha256:8d0949b11681380b4a50ac3cd075e4816afe9fa4a8c8ae006c1ca26f0fa40ad8"},
    {file = "SQLAlchemy-1.4.31-cp27-cp27m-win32.whl", hash = "sha256:f3b7ec97e68b68cb1f9ddb82eda17b418f19a034fa8380a0ac04e8fe01532875"},
    {file = "SQLAlchemy-1.4.31-cp27-cp27m-win_amd64.whl", hash = "sha256:81f2dd355b57770fdf292b54f3e0a9823ec27a543f947fa2eb4ec0df44f35f0d"},
    {file = "SQLAlchemy-1.4.31-cp27-cp27mu-manylinux_2_5_x86_64.manylinux1_x86_64.whl", hash = "sha256:4ad31cec8b49fd718470328ad9711f4dc703507d434fd45461096da0a7135ee0"},
    {file = "SQLAlchemy-1.4.31-cp310-cp310-macosx_10_15_x86_64.whl", hash = "sha256:05fa14f279d43df68964ad066f653193187909950aa0163320b728edfc400167"},
    {file = "SQLAlchemy-1.4.31-cp310-cp310-manylinux_2_17_aarch64.manylinux2014_aarch64.whl", hash = "sha256:dccff41478050e823271642837b904d5f9bda3f5cf7d371ce163f00a694118d6"},
    {file = "SQLAlchemy-1.4.31-cp310-cp310-manylinux_2_5_x86_64.manylinux1_x86_64.manylinux_2_12_x86_64.manylinux2010_x86_64.whl", hash = "sha256:57205844f246bab9b666a32f59b046add8995c665d9ecb2b7b837b087df90639"},
    {file = "SQLAlchemy-1.4.31-cp310-cp310-manylinux_2_5_x86_64.manylinux1_x86_64.manylinux_2_17_x86_64.manylinux2014_x86_64.whl", hash = "sha256:ea8210090a816d48a4291a47462bac750e3bc5c2442e6d64f7b8137a7c3f9ac5"},
    {file = "SQLAlchemy-1.4.31-cp310-cp310-win32.whl", hash = "sha256:2e216c13ecc7fcdcbb86bb3225425b3ed338e43a8810c7089ddb472676124b9b"},
    {file = "SQLAlchemy-1.4.31-cp310-cp310-win_amd64.whl", hash = "sha256:e3a86b59b6227ef72ffc10d4b23f0fe994bef64d4667eab4fb8cd43de4223bec"},
    {file = "SQLAlchemy-1.4.31-cp36-cp36m-macosx_10_14_x86_64.whl", hash = "sha256:2fd4d3ca64c41dae31228b80556ab55b6489275fb204827f6560b65f95692cf3"},
    {file = "SQLAlchemy-1.4.31-cp36-cp36m-manylinux_2_17_aarch64.manylinux2014_aarch64.whl", hash = "sha256:6f22c040d196f841168b1456e77c30a18a3dc16b336ddbc5a24ce01ab4e95ae0"},
    {file = "SQLAlchemy-1.4.31-cp36-cp36m-manylinux_2_5_x86_64.manylinux1_x86_64.manylinux_2_12_x86_64.manylinux2010_x86_64.whl", hash = "sha256:c0c7171aa5a57e522a04a31b84798b6c926234cb559c0939840c3235cf068813"},
    {file = "SQLAlchemy-1.4.31-cp36-cp36m-manylinux_2_5_x86_64.manylinux1_x86_64.manylinux_2_17_x86_64.manylinux2014_x86_64.whl", hash = "sha256:d046a9aeba9bc53e88a41e58beb72b6205abb9a20f6c136161adf9128e589db5"},
    {file = "SQLAlchemy-1.4.31-cp36-cp36m-win32.whl", hash = "sha256:d86132922531f0dc5a4f424c7580a472a924dd737602638e704841c9cb24aea2"},
    {file = "SQLAlchemy-1.4.31-cp36-cp36m-win_amd64.whl", hash = "sha256:ca68c52e3cae491ace2bf39b35fef4ce26c192fd70b4cd90f040d419f70893b5"},
    {file = "SQLAlchemy-1.4.31-cp37-cp37m-macosx_10_14_x86_64.whl", hash = "sha256:cf2cd387409b12d0a8b801610d6336ee7d24043b6dd965950eaec09b73e7262f"},
    {file = "SQLAlchemy-1.4.31-cp37-cp37m-manylinux_2_17_aarch64.manylinux2014_aarch64.whl", hash = "sha256:bb4b15fb1f0aafa65cbdc62d3c2078bea1ceecbfccc9a1f23a2113c9ac1191fa"},
    {file = "SQLAlchemy-1.4.31-cp37-cp37m-manylinux_2_5_x86_64.manylinux1_x86_64.manylinux_2_12_x86_64.manylinux2010_x86_64.whl", hash = "sha256:c317ddd7c586af350a6aef22b891e84b16bff1a27886ed5b30f15c1ed59caeaa"},
    {file = "SQLAlchemy-1.4.31-cp37-cp37m-manylinux_2_5_x86_64.manylinux1_x86_64.manylinux_2_17_x86_64.manylinux2014_x86_64.whl", hash = "sha256:3c7ed6c69debaf6198fadb1c16ae1253a29a7670bbf0646f92582eb465a0b999"},
    {file = "SQLAlchemy-1.4.31-cp37-cp37m-win32.whl", hash = "sha256:6a01ec49ca54ce03bc14e10de55dfc64187a2194b3b0e5ac0fdbe9b24767e79e"},
    {file = "SQLAlchemy-1.4.31-cp37-cp37m-win_amd64.whl", hash = "sha256:330eb45395874cc7787214fdd4489e2afb931bc49e0a7a8f9cd56d6e9c5b1639"},
    {file = "SQLAlchemy-1.4.31-cp38-cp38-macosx_10_14_x86_64.whl", hash = "sha256:5e9c7b3567edbc2183607f7d9f3e7e89355b8f8984eec4d2cd1e1513c8f7b43f"},
    {file = "SQLAlchemy-1.4.31-cp38-cp38-manylinux_2_17_aarch64.manylinux2014_aarch64.whl", hash = "sha256:de85c26a5a1c72e695ab0454e92f60213b4459b8d7c502e0be7a6369690eeb1a"},
    {file = "SQLAlchemy-1.4.31-cp38-cp38-manylinux_2_5_x86_64.manylinux1_x86_64.manylinux_2_12_x86_64.manylinux2010_x86_64.whl", hash = "sha256:975f5c0793892c634c4920057da0de3a48bbbbd0a5c86f5fcf2f2fedf41b76da"},
    {file = "SQLAlchemy-1.4.31-cp38-cp38-manylinux_2_5_x86_64.manylinux1_x86_64.manylinux_2_17_x86_64.manylinux2014_x86_64.whl", hash = "sha256:d5c20c8415173b119762b6110af64448adccd4d11f273fb9f718a9865b88a99c"},
    {file = "SQLAlchemy-1.4.31-cp38-cp38-win32.whl", hash = "sha256:b35dca159c1c9fa8a5f9005e42133eed82705bf8e243da371a5e5826440e65ca"},
    {file = "SQLAlchemy-1.4.31-cp38-cp38-win_amd64.whl", hash = "sha256:b7b20c88873675903d6438d8b33fba027997193e274b9367421e610d9da76c08"},
    {file = "SQLAlchemy-1.4.31-cp39-cp39-macosx_10_15_x86_64.whl", hash = "sha256:85e4c244e1de056d48dae466e9baf9437980c19fcde493e0db1a0a986e6d75b4"},
    {file = "SQLAlchemy-1.4.31-cp39-cp39-manylinux_2_17_aarch64.manylinux2014_aarch64.whl", hash = "sha256:e79e73d5ee24196d3057340e356e6254af4d10e1fc22d3207ea8342fc5ffb977"},
    {file = "SQLAlchemy-1.4.31-cp39-cp39-manylinux_2_5_x86_64.manylinux1_x86_64.manylinux_2_12_x86_64.manylinux2010_x86_64.whl", hash = "sha256:15a03261aa1e68f208e71ae3cd845b00063d242cbf8c87348a0c2c0fc6e1f2ac"},
    {file = "SQLAlchemy-1.4.31-cp39-cp39-manylinux_2_5_x86_64.manylinux1_x86_64.manylinux_2_17_x86_64.manylinux2014_x86_64.whl", hash = "sha256:0ddc5e5ccc0160e7ad190e5c61eb57560f38559e22586955f205e537cda26034"},
    {file = "SQLAlchemy-1.4.31-cp39-cp39-win32.whl", hash = "sha256:289465162b1fa1e7a982f8abe59d26a8331211cad4942e8031d2b7db1f75e649"},
    {file = "SQLAlchemy-1.4.31-cp39-cp39-win_amd64.whl", hash = "sha256:9e4fb2895b83993831ba2401b6404de953fdbfa9d7d4fa6a4756294a83bbc94f"},
    {file = "SQLAlchemy-1.4.31.tar.gz", hash = "sha256:582b59d1e5780a447aada22b461e50b404a9dc05768da1d87368ad8190468418"},
]
typing-extensions = [
    {file = "typing_extensions-4.1.1-py3-none-any.whl", hash = "sha256:21c85e0fe4b9a155d0799430b0ad741cdce7e359660ccbd8b530613e8df88ce2"},
    {file = "typing_extensions-4.1.1.tar.gz", hash = "sha256:1a9462dcc3347a79b1f1c0271fbe79e844580bb598bafa1ed208b94da3cdcd42"},
]
watchmen-auth = []
watchmen-meta = []
watchmen-model = []
watchmen-storage = []
watchmen-storage-mongodb = []
watchmen-storage-mssql = []
watchmen-storage-mysql = []
watchmen-storage-oracle = []
watchmen-utilities = []
