[[package]]
name = "pydantic"
version = "1.9.0"
description = "Data validation and settings management using python 3.6 type hinting"
category = "main"
optional = false
python-versions = ">=3.6.1"

[package.dependencies]
typing-extensions = ">=3.7.4.3"

[package.extras]
dotenv = ["python-dotenv (>=0.10.4)"]
email = ["email-validator (>=1.0.3)"]

[[package]]
name = "pymongo"
version = "4.1.0"
description = "Python driver for MongoDB <http://www.mongodb.org>"
category = "main"
optional = false
python-versions = ">=3.6.2"

[package.extras]
aws = ["pymongo-auth-aws (<2.0.0)"]
encryption = ["pymongocrypt (>=1.2.0,<2.0.0)"]
gssapi = ["pykerberos"]
ocsp = ["pyopenssl (>=17.2.0)", "requests (<3.0.0)", "service-identity (>=18.1.0)", "certifi"]
snappy = ["python-snappy"]
srv = ["dnspython (>=1.16.0,<3.0.0)"]
zstd = ["zstandard"]

[[package]]
name = "python-json-logger"
version = "2.0.2"
description = "A python library adding a json log formatter"
category = "main"
optional = false
python-versions = ">=3.5"

[[package]]
name = "typing-extensions"
version = "4.1.1"
description = "Backported and Experimental Type Hints for Python 3.6+"
category = "main"
optional = false
python-versions = ">=3.6"

[[package]]
name = "watchmen-model"
version = "16.0.0"
description = ""
category = "main"
optional = false
python-versions = "^3.9"
develop = true

[package.dependencies]
pydantic = "^1.9.0"
watchmen-utilities = { path = "../watchmen-utilities", develop = true }

[package.source]
type = "directory"
url = "../watchmen-model"

[[package]]
name = "watchmen-storage"
version = "16.0.0"
description = ""
category = "main"
optional = false
python-versions = "^3.9"
develop = true

[package.dependencies]
watchmen-model = { path = "../watchmen-model", develop = true }

[package.source]
type = "directory"
url = "../watchmen-storage"

[[package]]
name = "watchmen-utilities"
version = "16.0.0"
description = ""
category = "main"
optional = false
python-versions = "^3.9"
develop = true

[package.dependencies]
pydantic = "^1.9.0"
python-json-logger = "^2.0.2"

[package.source]
type = "directory"
url = "../watchmen-utilities"

[metadata]
lock-version = "1.1"
python-versions = "^3.9"
content-hash = "cceee8be2ad903928d63ecf925ac4b25ec50100c085d7f82a511de761cc77222"

[metadata.files]
pydantic = [
    { file = "pydantic-1.9.0-cp310-cp310-macosx_10_9_x86_64.whl", hash = "sha256:cb23bcc093697cdea2708baae4f9ba0e972960a835af22560f6ae4e7e47d33f5" },
    { file = "pydantic-1.9.0-cp310-cp310-macosx_11_0_arm64.whl", hash = "sha256:1d5278bd9f0eee04a44c712982343103bba63507480bfd2fc2790fa70cd64cf4" },
    { file = "pydantic-1.9.0-cp310-cp310-manylinux_2_17_x86_64.manylinux2014_x86_64.whl", hash = "sha256:ab624700dc145aa809e6f3ec93fb8e7d0f99d9023b713f6a953637429b437d37" },
    { file = "pydantic-1.9.0-cp310-cp310-manylinux_2_5_i686.manylinux1_i686.manylinux_2_17_i686.manylinux2014_i686.whl", hash = "sha256:c8d7da6f1c1049eefb718d43d99ad73100c958a5367d30b9321b092771e96c25" },
    { file = "pydantic-1.9.0-cp310-cp310-musllinux_1_1_i686.whl", hash = "sha256:3c3b035103bd4e2e4a28da9da7ef2fa47b00ee4a9cf4f1a735214c1bcd05e0f6" },
    { file = "pydantic-1.9.0-cp310-cp310-musllinux_1_1_x86_64.whl", hash = "sha256:3011b975c973819883842c5ab925a4e4298dffccf7782c55ec3580ed17dc464c" },
    { file = "pydantic-1.9.0-cp310-cp310-win_amd64.whl", hash = "sha256:086254884d10d3ba16da0588604ffdc5aab3f7f09557b998373e885c690dd398" },
    { file = "pydantic-1.9.0-cp36-cp36m-macosx_10_9_x86_64.whl", hash = "sha256:0fe476769acaa7fcddd17cadd172b156b53546ec3614a4d880e5d29ea5fbce65" },
    { file = "pydantic-1.9.0-cp36-cp36m-manylinux_2_17_x86_64.manylinux2014_x86_64.whl", hash = "sha256:c8e9dcf1ac499679aceedac7e7ca6d8641f0193c591a2d090282aaf8e9445a46" },
    { file = "pydantic-1.9.0-cp36-cp36m-manylinux_2_5_i686.manylinux1_i686.manylinux_2_17_i686.manylinux2014_i686.whl", hash = "sha256:d1e4c28f30e767fd07f2ddc6f74f41f034d1dd6bc526cd59e63a82fe8bb9ef4c" },
    { file = "pydantic-1.9.0-cp36-cp36m-musllinux_1_1_i686.whl", hash = "sha256:c86229333cabaaa8c51cf971496f10318c4734cf7b641f08af0a6fbf17ca3054" },
    { file = "pydantic-1.9.0-cp36-cp36m-musllinux_1_1_x86_64.whl", hash = "sha256:c0727bda6e38144d464daec31dff936a82917f431d9c39c39c60a26567eae3ed" },
    { file = "pydantic-1.9.0-cp36-cp36m-win_amd64.whl", hash = "sha256:dee5ef83a76ac31ab0c78c10bd7d5437bfdb6358c95b91f1ba7ff7b76f9996a1" },
    { file = "pydantic-1.9.0-cp37-cp37m-macosx_10_9_x86_64.whl", hash = "sha256:d9c9bdb3af48e242838f9f6e6127de9be7063aad17b32215ccc36a09c5cf1070" },
    { file = "pydantic-1.9.0-cp37-cp37m-manylinux_2_17_x86_64.manylinux2014_x86_64.whl", hash = "sha256:2ee7e3209db1e468341ef41fe263eb655f67f5c5a76c924044314e139a1103a2" },
    { file = "pydantic-1.9.0-cp37-cp37m-manylinux_2_5_i686.manylinux1_i686.manylinux_2_17_i686.manylinux2014_i686.whl", hash = "sha256:0b6037175234850ffd094ca77bf60fb54b08b5b22bc85865331dd3bda7a02fa1" },
    { file = "pydantic-1.9.0-cp37-cp37m-musllinux_1_1_i686.whl", hash = "sha256:b2571db88c636d862b35090ccf92bf24004393f85c8870a37f42d9f23d13e032" },
    { file = "pydantic-1.9.0-cp37-cp37m-musllinux_1_1_x86_64.whl", hash = "sha256:8b5ac0f1c83d31b324e57a273da59197c83d1bb18171e512908fe5dc7278a1d6" },
    { file = "pydantic-1.9.0-cp37-cp37m-win_amd64.whl", hash = "sha256:bbbc94d0c94dd80b3340fc4f04fd4d701f4b038ebad72c39693c794fd3bc2d9d" },
    { file = "pydantic-1.9.0-cp38-cp38-macosx_10_9_x86_64.whl", hash = "sha256:e0896200b6a40197405af18828da49f067c2fa1f821491bc8f5bde241ef3f7d7" },
    { file = "pydantic-1.9.0-cp38-cp38-macosx_11_0_arm64.whl", hash = "sha256:7bdfdadb5994b44bd5579cfa7c9b0e1b0e540c952d56f627eb227851cda9db77" },
    { file = "pydantic-1.9.0-cp38-cp38-manylinux_2_17_x86_64.manylinux2014_x86_64.whl", hash = "sha256:574936363cd4b9eed8acdd6b80d0143162f2eb654d96cb3a8ee91d3e64bf4cf9" },
    { file = "pydantic-1.9.0-cp38-cp38-manylinux_2_5_i686.manylinux1_i686.manylinux_2_17_i686.manylinux2014_i686.whl", hash = "sha256:c556695b699f648c58373b542534308922c46a1cda06ea47bc9ca45ef5b39ae6" },
    { file = "pydantic-1.9.0-cp38-cp38-musllinux_1_1_i686.whl", hash = "sha256:f947352c3434e8b937e3aa8f96f47bdfe6d92779e44bb3f41e4c213ba6a32145" },
    { file = "pydantic-1.9.0-cp38-cp38-musllinux_1_1_x86_64.whl", hash = "sha256:5e48ef4a8b8c066c4a31409d91d7ca372a774d0212da2787c0d32f8045b1e034" },
    { file = "pydantic-1.9.0-cp38-cp38-win_amd64.whl", hash = "sha256:96f240bce182ca7fe045c76bcebfa0b0534a1bf402ed05914a6f1dadff91877f" },
    { file = "pydantic-1.9.0-cp39-cp39-macosx_10_9_x86_64.whl", hash = "sha256:815ddebb2792efd4bba5488bc8fde09c29e8ca3227d27cf1c6990fc830fd292b" },
    { file = "pydantic-1.9.0-cp39-cp39-macosx_11_0_arm64.whl", hash = "sha256:6c5b77947b9e85a54848343928b597b4f74fc364b70926b3c4441ff52620640c" },
    { file = "pydantic-1.9.0-cp39-cp39-manylinux_2_17_x86_64.manylinux2014_x86_64.whl", hash = "sha256:4c68c3bc88dbda2a6805e9a142ce84782d3930f8fdd9655430d8576315ad97ce" },
    { file = "pydantic-1.9.0-cp39-cp39-manylinux_2_5_i686.manylinux1_i686.manylinux_2_17_i686.manylinux2014_i686.whl", hash = "sha256:5a79330f8571faf71bf93667d3ee054609816f10a259a109a0738dac983b23c3" },
    { file = "pydantic-1.9.0-cp39-cp39-musllinux_1_1_i686.whl", hash = "sha256:f5a64b64ddf4c99fe201ac2724daada8595ada0d102ab96d019c1555c2d6441d" },
    { file = "pydantic-1.9.0-cp39-cp39-musllinux_1_1_x86_64.whl", hash = "sha256:a733965f1a2b4090a5238d40d983dcd78f3ecea221c7af1497b845a9709c1721" },
    { file = "pydantic-1.9.0-cp39-cp39-win_amd64.whl", hash = "sha256:2cc6a4cb8a118ffec2ca5fcb47afbacb4f16d0ab8b7350ddea5e8ef7bcc53a16" },
    { file = "pydantic-1.9.0-py3-none-any.whl", hash = "sha256:085ca1de245782e9b46cefcf99deecc67d418737a1fd3f6a4f511344b613a5b3" },
    { file = "pydantic-1.9.0.tar.gz", hash = "sha256:742645059757a56ecd886faf4ed2441b9c0cd406079c2b4bee51bcc3fbcd510a" },
]
pymongo = [
    { file = "pymongo-4.1.0-cp310-cp310-macosx_10_9_universal2.whl", hash = "sha256:f9f64e25deec05ce224a4b9ebee087b04d9fcc24c2df1ecea91eb1a2ff9608a6" },
    { file = "pymongo-4.1.0-cp310-cp310-manylinux1_i686.whl", hash = "sha256:fcce0e4da390db121eedb4867b84ecc38e57f2d6be5dfd9b2dee5ce69c65b9da" },
    { file = "pymongo-4.1.0-cp310-cp310-manylinux2014_aarch64.whl", hash = "sha256:a057f9bc3a625142f768c4eba2c5b2dd0fde7504c655b92864fe2a2952ea6786" },
    { file = "pymongo-4.1.0-cp310-cp310-manylinux2014_i686.whl", hash = "sha256:fd7e75547ec10e6aa1729e65fdf992c63652e4ed8d3c0bb66da19fc892c21e2c" },
    { file = "pymongo-4.1.0-cp310-cp310-manylinux2014_ppc64le.whl", hash = "sha256:d241ab2d22eb0fdec26a8f1135320d711c300aa961c3fea07ca9675833bff46d" },
    { file = "pymongo-4.1.0-cp310-cp310-manylinux2014_s390x.whl", hash = "sha256:f2f7aedae4d938e0fe824e2d2d392f633d728e9ff36d5614879d64272783a67c" },
    { file = "pymongo-4.1.0-cp310-cp310-manylinux2014_x86_64.whl", hash = "sha256:f1a173deee5152c235b9d47fabcd85b2d8ef7f36f7c091bffcb37433168a82db" },
    { file = "pymongo-4.1.0-cp310-cp310-manylinux_2_17_aarch64.manylinux2014_aarch64.whl", hash = "sha256:e3302b083ae954971c1293321c2c4d8cef53113083675b454feebd825fea1f75" },
    { file = "pymongo-4.1.0-cp310-cp310-manylinux_2_17_ppc64le.manylinux2014_ppc64le.whl", hash = "sha256:5bec39cbfb9367884d67a866f10c4662d8a018a9f85ae84a1e16031a6a00f6d3" },
    { file = "pymongo-4.1.0-cp310-cp310-manylinux_2_17_s390x.manylinux2014_s390x.whl", hash = "sha256:6f8b007eb7fc702806e0e50c0d723fbd086505be30baaed236df88d9e735d03c" },
    { file = "pymongo-4.1.0-cp310-cp310-manylinux_2_17_x86_64.manylinux2014_x86_64.whl", hash = "sha256:5229009e64b1b2d6281108c8596ae349b677be0d7087ad1e258aefd4f1a2d27f" },
    { file = "pymongo-4.1.0-cp310-cp310-manylinux_2_5_i686.manylinux1_i686.manylinux_2_17_i686.manylinux2014_i686.whl", hash = "sha256:3982bdef9f111ad3bf803629e02a3369d8b120c7fdd2477cbfeb1718799fe28a" },
    { file = "pymongo-4.1.0-cp310-cp310-win32.whl", hash = "sha256:965fce3efdedaf80380a839566b04592d29c2b82100cb0fcfe2f0ecc9f2ce242" },
    { file = "pymongo-4.1.0-cp310-cp310-win_amd64.whl", hash = "sha256:6238448e77b112e90e653f20ada0c9377e4ac5d4174c9007c2d898fcddd1630c" },
    { file = "pymongo-4.1.0-cp36-cp36m-macosx_10_6_intel.whl", hash = "sha256:a8bd81e729ec5a5f333a930e157e37f3f1d2c5bcd7276080d3f5c0b9bcb49599" },
    { file = "pymongo-4.1.0-cp36-cp36m-manylinux1_i686.whl", hash = "sha256:0d218cb7f8828151909a8ca8365304968dd136cd4a178951a49766e35878f0bf" },
    { file = "pymongo-4.1.0-cp36-cp36m-manylinux1_x86_64.whl", hash = "sha256:2c8ab15928468ddae7a9fb474420a68c59a5e304910e5b3ba6bf66bd79f55e73" },
    { file = "pymongo-4.1.0-cp36-cp36m-manylinux2014_aarch64.whl", hash = "sha256:edf39f13633f5c429dcb4dc6db53916a702a8b9e5a3d277d72180a141030e3f8" },
    { file = "pymongo-4.1.0-cp36-cp36m-manylinux2014_i686.whl", hash = "sha256:e8e7baa22760a2b694ce5e5d33bc68c080ad00019125564e1c2450846e26fa55" },
    { file = "pymongo-4.1.0-cp36-cp36m-manylinux2014_ppc64le.whl", hash = "sha256:e3aaffdac7456a5d2b759c129dc6d9f6d995d293e3aa9fafc810943782ca2559" },
    { file = "pymongo-4.1.0-cp36-cp36m-manylinux2014_s390x.whl", hash = "sha256:177f751577109dca799746190fc261af5fc4538af60a297d772370c015475295" },
    { file = "pymongo-4.1.0-cp36-cp36m-manylinux2014_x86_64.whl", hash = "sha256:ecf19131972dad04e1254516f35d9e43d97929f282c7e3ad50eb313f80aae2cc" },
    { file = "pymongo-4.1.0-cp36-cp36m-manylinux_2_17_aarch64.manylinux2014_aarch64.whl", hash = "sha256:3291394a77addc70afda8615c29509fd32d870641f95c4411ce3ce2b84a52a24" },
    { file = "pymongo-4.1.0-cp36-cp36m-manylinux_2_17_ppc64le.manylinux2014_ppc64le.whl", hash = "sha256:c42c987b5854ea3c5a74009a905529c5045eb2a44fec793f8055e7a65f4b205e" },
    { file = "pymongo-4.1.0-cp36-cp36m-manylinux_2_17_s390x.manylinux2014_s390x.whl", hash = "sha256:83ec44c587afd8c0d4582364d5379b560bfade5f3a560d089cc14c8d79e1295f" },
    { file = "pymongo-4.1.0-cp36-cp36m-manylinux_2_17_x86_64.manylinux2014_x86_64.whl", hash = "sha256:31e8713bfd1c68bada3c1b32101748204192286566e4ea7f720163193efcb497" },
    { file = "pymongo-4.1.0-cp36-cp36m-manylinux_2_5_i686.manylinux1_i686.manylinux_2_17_i686.manylinux2014_i686.whl", hash = "sha256:c67e29a22a1e27f5a59065792a32fee8dab9d9f716fac34041be8c55b22c93f1" },
    { file = "pymongo-4.1.0-cp36-cp36m-manylinux_2_5_i686.manylinux1_i686.whl", hash = "sha256:c58cda2e1347b087c169e6fdbe184a273522214c7e9607b7d66accee119d552a" },
    { file = "pymongo-4.1.0-cp36-cp36m-manylinux_2_5_x86_64.manylinux1_x86_64.whl", hash = "sha256:9e00894f1edaa85dff7d33d8a6df7d8eab04d8783c04c0654e0ec4b89bba3ae8" },
    { file = "pymongo-4.1.0-cp36-cp36m-win32.whl", hash = "sha256:c5bf1efc65eba07aa564e22c20cacb8b38463286405ef0976a6ff23cd78a9cea" },
    { file = "pymongo-4.1.0-cp36-cp36m-win_amd64.whl", hash = "sha256:44449e3c49d7a5d0fd9915c3e28119f28e62ed912379a973cd359c99ba73a6c2" },
    { file = "pymongo-4.1.0-cp37-cp37m-macosx_10_6_intel.whl", hash = "sha256:bd5d76ec106056ebe2cef9d5e4b7763572a90d14b97edaab25a93d6014cd327c" },
    { file = "pymongo-4.1.0-cp37-cp37m-manylinux1_i686.whl", hash = "sha256:eac112595ea1e8e4320dfc37e58d55f7937ed837bba7054cadd7e4578e9d275b" },
    { file = "pymongo-4.1.0-cp37-cp37m-manylinux1_x86_64.whl", hash = "sha256:7e4b3a51102a3d62fbc419470fde4d1d9744963c7235573eba4cd13c73211d68" },
    { file = "pymongo-4.1.0-cp37-cp37m-manylinux2014_aarch64.whl", hash = "sha256:7354c272eaf249581ee5278d8cddd03c86daa3bf25bec0eb1a281951db72034b" },
    { file = "pymongo-4.1.0-cp37-cp37m-manylinux2014_i686.whl", hash = "sha256:c476103e685c80f5d59b06daf25c25c9afd1b8f102c24be8eb27f91b38e21e5b" },
    { file = "pymongo-4.1.0-cp37-cp37m-manylinux2014_ppc64le.whl", hash = "sha256:b5232fa63d29c6748d1d379e6338430f5dcaa87c0c1abca02d9ca40a9af004d1" },
    { file = "pymongo-4.1.0-cp37-cp37m-manylinux2014_s390x.whl", hash = "sha256:64cdc72149ee345caa36705f161615b98adfd5c7f3200d1f87a52c87d3d4252e" },
    { file = "pymongo-4.1.0-cp37-cp37m-manylinux2014_x86_64.whl", hash = "sha256:e20c4100a15a4359aa29aeae84b68281c72456a6ada05f02830c3214aa616189" },
    { file = "pymongo-4.1.0-cp37-cp37m-manylinux_2_17_aarch64.manylinux2014_aarch64.whl", hash = "sha256:b74e8784c810b8c9b1fdd511581fff085699e564707c4d696d00000d92b7e2a5" },
    { file = "pymongo-4.1.0-cp37-cp37m-manylinux_2_17_ppc64le.manylinux2014_ppc64le.whl", hash = "sha256:7edbff4630058ad185cd520bbad0e528f544101e8bfa23cfd7f131031d6a81b0" },
    { file = "pymongo-4.1.0-cp37-cp37m-manylinux_2_17_s390x.manylinux2014_s390x.whl", hash = "sha256:cafafee3c806c44762c4b0a8119d147de742f82eb6dd12c6dabe868f38b751d9" },
    { file = "pymongo-4.1.0-cp37-cp37m-manylinux_2_17_x86_64.manylinux2014_x86_64.whl", hash = "sha256:5223abea94bbf502e5fbc2c7c2f34c7d82b3feb6f3a25d7d2b01869a8c814539" },
    { file = "pymongo-4.1.0-cp37-cp37m-manylinux_2_5_i686.manylinux1_i686.manylinux_2_17_i686.manylinux2014_i686.whl", hash = "sha256:f843732762cce0cff996148da2eaf8855fd739ba90bc4a322f9c2f6d31d010b3" },
    { file = "pymongo-4.1.0-cp37-cp37m-manylinux_2_5_i686.manylinux1_i686.whl", hash = "sha256:ed68e9b94bda394c5100cbc5efbf95340392794a1c56ccbab498c829fae56830" },
    { file = "pymongo-4.1.0-cp37-cp37m-manylinux_2_5_x86_64.manylinux1_x86_64.whl", hash = "sha256:d69f6a20923a37ac724d945e037262a18ba3a6a6fdda4cf893cbbe7a597cbfab" },
    { file = "pymongo-4.1.0-cp37-cp37m-win32.whl", hash = "sha256:60c43e6aa02c7bdfb7b99de8c1c656e14b42ea543e1cf2dbd721a272e3b8283d" },
    { file = "pymongo-4.1.0-cp37-cp37m-win_amd64.whl", hash = "sha256:a13d1c6658059171a6a4f6c0a6883a15f4edbddd602759b7664ef1d155a27c5e" },
    { file = "pymongo-4.1.0-cp38-cp38-macosx_10_9_x86_64.whl", hash = "sha256:d152e91d298a276f53864b42d24f170dac0dc4ce0777ac5a06557820ea0a8f64" },
    { file = "pymongo-4.1.0-cp38-cp38-manylinux1_i686.whl", hash = "sha256:5a1c8e81d4090113a13d7ef95d9f77f3ab518d039cbfdaff408c37911acaba41" },
    { file = "pymongo-4.1.0-cp38-cp38-manylinux1_x86_64.whl", hash = "sha256:dbdc1f8ccb94d46ca1e92c31d2fa1df88ec2015237f537b1dad19d05de9ccf24" },
    { file = "pymongo-4.1.0-cp38-cp38-manylinux2014_aarch64.whl", hash = "sha256:3e6929153273d5239ac63faa70486837ba51eedf58f1e8f9b7b9ab7ec8add1c3" },
    { file = "pymongo-4.1.0-cp38-cp38-manylinux2014_i686.whl", hash = "sha256:045408d04228987b1d4921ff6dfc3a5431cc6067400833a8bbdd050248d1e01b" },
    { file = "pymongo-4.1.0-cp38-cp38-manylinux2014_ppc64le.whl", hash = "sha256:53e598ee484e5fc7629c9b222c0f0c7204e8c54428cdcfd94b3a851eeee28061" },
    { file = "pymongo-4.1.0-cp38-cp38-manylinux2014_s390x.whl", hash = "sha256:2e22273a601d64dbb858ab39d66cf777b07f1b3df32db5f8802fa4020870e8a5" },
    { file = "pymongo-4.1.0-cp38-cp38-manylinux2014_x86_64.whl", hash = "sha256:be8d65ff7768821d41d76e3d65a69fe25acd2080f9551306ea5598b2c308663d" },
    { file = "pymongo-4.1.0-cp38-cp38-manylinux_2_17_aarch64.manylinux2014_aarch64.whl", hash = "sha256:b58bf8b4053260ce5a4847f10f607107f8b5d33ffa0d2d18b5fbaa6cf9acc994" },
    { file = "pymongo-4.1.0-cp38-cp38-manylinux_2_17_ppc64le.manylinux2014_ppc64le.whl", hash = "sha256:5973b16f82c4ff64be8dfca703920c33eb70fa0e450b06fcaf045bb0b78777ed" },
    { file = "pymongo-4.1.0-cp38-cp38-manylinux_2_17_s390x.manylinux2014_s390x.whl", hash = "sha256:3b38723daca6d8e97593a9eba75d55753b23b0f45f97a54c61739b3fb95ab64d" },
    { file = "pymongo-4.1.0-cp38-cp38-manylinux_2_17_x86_64.manylinux2014_x86_64.whl", hash = "sha256:8f2ac2c26b04936aa1fe6bf1ff9ff68398eda38c8ef045040174f7e64d2f7147" },
    { file = "pymongo-4.1.0-cp38-cp38-manylinux_2_5_i686.manylinux1_i686.manylinux_2_17_i686.manylinux2014_i686.whl", hash = "sha256:4a37b574243b727f12cdc3e2721238dfe891ef8642d78ab93be3a8fee60e5420" },
    { file = "pymongo-4.1.0-cp38-cp38-manylinux_2_5_i686.manylinux1_i686.whl", hash = "sha256:69805e3ef5e80b37d578f55f898df7824d2a6287bfd63a7694d6ededb8aaa0ab" },
    { file = "pymongo-4.1.0-cp38-cp38-manylinux_2_5_x86_64.manylinux1_x86_64.whl", hash = "sha256:e7986e293b02b4ac23694527cc23f14218b1287896227348fc83d52ff10c308c" },
    { file = "pymongo-4.1.0-cp38-cp38-win32.whl", hash = "sha256:8832b9424346c97aefd15d9c264e7f51e5b04835a57f25962cdb59f7ebd60def" },
    { file = "pymongo-4.1.0-cp38-cp38-win_amd64.whl", hash = "sha256:77037e37b33e93aa3f3998cd81d8256cd4c59eea79802601b3efbc0600f6618c" },
    { file = "pymongo-4.1.0-cp39-cp39-macosx_10_9_x86_64.whl", hash = "sha256:f17e37e2e4fa3f68fcff2cc4e70fca1d3e2a938097133281084c28f382f9798b" },
    { file = "pymongo-4.1.0-cp39-cp39-manylinux1_i686.whl", hash = "sha256:74bf7085e69271fe30b98492258b9a3723046e7a1a7f4d16de3df528e1cfb7ff" },
    { file = "pymongo-4.1.0-cp39-cp39-manylinux1_x86_64.whl", hash = "sha256:92b0dbc877721da8e77a8db0dfb0a9e09800d5080dc82e9e8494188b294cb263" },
    { file = "pymongo-4.1.0-cp39-cp39-manylinux2014_aarch64.whl", hash = "sha256:fc5d6f9807d7dcc3d554672551c5982c7f68e317a8d79e66c33d3aa53a6044d1" },
    { file = "pymongo-4.1.0-cp39-cp39-manylinux2014_i686.whl", hash = "sha256:f479ca915db27ef719369090645c24fcca0b16e7ff1a929b94137aa8a9bb84cf" },
    { file = "pymongo-4.1.0-cp39-cp39-manylinux2014_ppc64le.whl", hash = "sha256:a701533c5a24f02a5735f60ea6fb723fa8c3319aad17d6062546481e4fa617c3" },
    { file = "pymongo-4.1.0-cp39-cp39-manylinux2014_s390x.whl", hash = "sha256:774d1b6a7cd1bbd34846cd3301a01dd4eb2ffe0bf19ebd7da79f381207713d86" },
    { file = "pymongo-4.1.0-cp39-cp39-manylinux2014_x86_64.whl", hash = "sha256:9dea8843b6d99edd6499160ec66c3772284e68d272101f356adadcb3b973287a" },
    { file = "pymongo-4.1.0-cp39-cp39-manylinux_2_17_aarch64.manylinux2014_aarch64.whl", hash = "sha256:c3fe1f1750afd3024dc7fdcdc730162df013f311038aa5d198f4624fa4df9c0e" },
    { file = "pymongo-4.1.0-cp39-cp39-manylinux_2_17_ppc64le.manylinux2014_ppc64le.whl", hash = "sha256:0dc85be60495a18714f3807266f5e88ad3a517e096be5ac3e0560a3fc1429031" },
    { file = "pymongo-4.1.0-cp39-cp39-manylinux_2_17_s390x.manylinux2014_s390x.whl", hash = "sha256:de7972a622b3cf48181ff1411e9a854b31988d5f283bb693f7413a56d1b9491c" },
    { file = "pymongo-4.1.0-cp39-cp39-manylinux_2_17_x86_64.manylinux2014_x86_64.whl", hash = "sha256:949aaba1ad973941e9a8dd91607e474e9ce4746dac4679d05d0115bbe2eabc53" },
    { file = "pymongo-4.1.0-cp39-cp39-manylinux_2_5_i686.manylinux1_i686.manylinux_2_17_i686.manylinux2014_i686.whl", hash = "sha256:f36dac80c71e97583309408db2ae243f20e3fd2b25a86381e63434772aad6214" },
    { file = "pymongo-4.1.0-cp39-cp39-manylinux_2_5_i686.manylinux1_i686.whl", hash = "sha256:1b7091ac8ca82c03e471b0c9482484b2e11c26fe13b6759534ca213c11eb13a5" },
    { file = "pymongo-4.1.0-cp39-cp39-manylinux_2_5_x86_64.manylinux1_x86_64.whl", hash = "sha256:238541f6defbfea8725c5c30af13dcf9800c7f683bba2dde6c4b1a908f5da331" },
    { file = "pymongo-4.1.0-cp39-cp39-win32.whl", hash = "sha256:2cb0148f197891cce964b53192225eee7ffac61ae39311c3447592eee4474b98" },
    { file = "pymongo-4.1.0-cp39-cp39-win_amd64.whl", hash = "sha256:52f636c67f8aab3b9736e4f2e1f366cb96f28f6a00baebe0885a919830866130" },
    { file = "pymongo-4.1.0.tar.gz", hash = "sha256:dbba77bc0b706c7ee496fc75a6c6ed406d85f6091d5fec488a8944c3828e6462" },
]
python-json-logger = [
    { file = "python-json-logger-2.0.2.tar.gz", hash = "sha256:202a4f29901a4b8002a6d1b958407eeb2dd1d83c18b18b816f5b64476dde9096" },
    { file = "python_json_logger-2.0.2-py3-none-any.whl", hash = "sha256:99310d148f054e858cd5f4258794ed6777e7ad2c3fd7e1c1b527f1cba4d08420" },
]
typing-extensions = [
    { file = "typing_extensions-4.1.1-py3-none-any.whl", hash = "sha256:21c85e0fe4b9a155d0799430b0ad741cdce7e359660ccbd8b530613e8df88ce2" },
    { file = "typing_extensions-4.1.1.tar.gz", hash = "sha256:1a9462dcc3347a79b1f1c0271fbe79e844580bb598bafa1ed208b94da3cdcd42" },
]
watchmen-model = []
watchmen-storage = []
watchmen-utilities = []
