[[package]]
name = "pydantic"
version = "1.9.0"
description = "Data validation and settings management using python 3.6 type hinting"
category = "main"
optional = false
python-versions = ">=3.6.1"

[package.dependencies]
typing-extensions = ">=3.7.4.3"

[package.extras]
dotenv = ["python-dotenv (>=0.10.4)"]
email = ["email-validator (>=1.0.3)"]

[[package]]
name = "pymongo"
version = "4.0.1"
description = "Python driver for MongoDB <http://www.mongodb.org>"
category = "main"
optional = false
python-versions = ">=3.6"

[package.extras]
aws = ["pymongo-auth-aws (<2.0.0)"]
encryption = ["pymongocrypt (>=1.2.0,<2.0.0)"]
gssapi = ["pykerberos"]
ocsp = ["pyopenssl (>=17.2.0)", "requests (<3.0.0)", "service-identity (>=18.1.0)", "certifi"]
snappy = ["python-snappy"]
srv = ["dnspython (>=1.16.0,<3.0.0)"]
zstd = ["zstandard"]

[[package]]
name = "typing-extensions"
version = "4.0.1"
description = "Backported and Experimental Type Hints for Python 3.6+"
category = "main"
optional = false
python-versions = ">=3.6"

[[package]]
name = "watchmen-model"
version = "16.0.0"
description = ""
category = "main"
optional = false
python-versions = "^3.9"
develop = true

[package.dependencies]
pydantic = "^1.9.0"
watchmen-utilities = {path = "../watchmen-utilities", develop = true}

[package.source]
type = "directory"
url = "../watchmen-model"

[[package]]
name = "watchmen-storage"
version = "16.0.0"
description = ""
category = "main"
optional = false
python-versions = "^3.9"
develop = true

[package.dependencies]
watchmen-model = {path = "../watchmen-model", develop = true}

[package.source]
type = "directory"
url = "../watchmen-storage"

[[package]]
name = "watchmen-utilities"
version = "16.0.0"
description = ""
category = "main"
optional = false
python-versions = "^3.9"
develop = true

[package.source]
type = "directory"
url = "../watchmen-utilities"

[metadata]
lock-version = "1.1"
python-versions = "^3.9"
content-hash = "d116b7b794875a7d1228fae9f798223b96537e64bd76fa4a57357eea3d56c536"

[metadata.files]
pydantic = [
    {file = "pydantic-1.9.0-cp310-cp310-macosx_10_9_x86_64.whl", hash = "sha256:cb23bcc093697cdea2708baae4f9ba0e972960a835af22560f6ae4e7e47d33f5"},
    {file = "pydantic-1.9.0-cp310-cp310-macosx_11_0_arm64.whl", hash = "sha256:1d5278bd9f0eee04a44c712982343103bba63507480bfd2fc2790fa70cd64cf4"},
    {file = "pydantic-1.9.0-cp310-cp310-manylinux_2_17_x86_64.manylinux2014_x86_64.whl", hash = "sha256:ab624700dc145aa809e6f3ec93fb8e7d0f99d9023b713f6a953637429b437d37"},
    {file = "pydantic-1.9.0-cp310-cp310-manylinux_2_5_i686.manylinux1_i686.manylinux_2_17_i686.manylinux2014_i686.whl", hash = "sha256:c8d7da6f1c1049eefb718d43d99ad73100c958a5367d30b9321b092771e96c25"},
    {file = "pydantic-1.9.0-cp310-cp310-musllinux_1_1_i686.whl", hash = "sha256:3c3b035103bd4e2e4a28da9da7ef2fa47b00ee4a9cf4f1a735214c1bcd05e0f6"},
    {file = "pydantic-1.9.0-cp310-cp310-musllinux_1_1_x86_64.whl", hash = "sha256:3011b975c973819883842c5ab925a4e4298dffccf7782c55ec3580ed17dc464c"},
    {file = "pydantic-1.9.0-cp310-cp310-win_amd64.whl", hash = "sha256:086254884d10d3ba16da0588604ffdc5aab3f7f09557b998373e885c690dd398"},
    {file = "pydantic-1.9.0-cp36-cp36m-macosx_10_9_x86_64.whl", hash = "sha256:0fe476769acaa7fcddd17cadd172b156b53546ec3614a4d880e5d29ea5fbce65"},
    {file = "pydantic-1.9.0-cp36-cp36m-manylinux_2_17_x86_64.manylinux2014_x86_64.whl", hash = "sha256:c8e9dcf1ac499679aceedac7e7ca6d8641f0193c591a2d090282aaf8e9445a46"},
    {file = "pydantic-1.9.0-cp36-cp36m-manylinux_2_5_i686.manylinux1_i686.manylinux_2_17_i686.manylinux2014_i686.whl", hash = "sha256:d1e4c28f30e767fd07f2ddc6f74f41f034d1dd6bc526cd59e63a82fe8bb9ef4c"},
    {file = "pydantic-1.9.0-cp36-cp36m-musllinux_1_1_i686.whl", hash = "sha256:c86229333cabaaa8c51cf971496f10318c4734cf7b641f08af0a6fbf17ca3054"},
    {file = "pydantic-1.9.0-cp36-cp36m-musllinux_1_1_x86_64.whl", hash = "sha256:c0727bda6e38144d464daec31dff936a82917f431d9c39c39c60a26567eae3ed"},
    {file = "pydantic-1.9.0-cp36-cp36m-win_amd64.whl", hash = "sha256:dee5ef83a76ac31ab0c78c10bd7d5437bfdb6358c95b91f1ba7ff7b76f9996a1"},
    {file = "pydantic-1.9.0-cp37-cp37m-macosx_10_9_x86_64.whl", hash = "sha256:d9c9bdb3af48e242838f9f6e6127de9be7063aad17b32215ccc36a09c5cf1070"},
    {file = "pydantic-1.9.0-cp37-cp37m-manylinux_2_17_x86_64.manylinux2014_x86_64.whl", hash = "sha256:2ee7e3209db1e468341ef41fe263eb655f67f5c5a76c924044314e139a1103a2"},
    {file = "pydantic-1.9.0-cp37-cp37m-manylinux_2_5_i686.manylinux1_i686.manylinux_2_17_i686.manylinux2014_i686.whl", hash = "sha256:0b6037175234850ffd094ca77bf60fb54b08b5b22bc85865331dd3bda7a02fa1"},
    {file = "pydantic-1.9.0-cp37-cp37m-musllinux_1_1_i686.whl", hash = "sha256:b2571db88c636d862b35090ccf92bf24004393f85c8870a37f42d9f23d13e032"},
    {file = "pydantic-1.9.0-cp37-cp37m-musllinux_1_1_x86_64.whl", hash = "sha256:8b5ac0f1c83d31b324e57a273da59197c83d1bb18171e512908fe5dc7278a1d6"},
    {file = "pydantic-1.9.0-cp37-cp37m-win_amd64.whl", hash = "sha256:bbbc94d0c94dd80b3340fc4f04fd4d701f4b038ebad72c39693c794fd3bc2d9d"},
    {file = "pydantic-1.9.0-cp38-cp38-macosx_10_9_x86_64.whl", hash = "sha256:e0896200b6a40197405af18828da49f067c2fa1f821491bc8f5bde241ef3f7d7"},
    {file = "pydantic-1.9.0-cp38-cp38-macosx_11_0_arm64.whl", hash = "sha256:7bdfdadb5994b44bd5579cfa7c9b0e1b0e540c952d56f627eb227851cda9db77"},
    {file = "pydantic-1.9.0-cp38-cp38-manylinux_2_17_x86_64.manylinux2014_x86_64.whl", hash = "sha256:574936363cd4b9eed8acdd6b80d0143162f2eb654d96cb3a8ee91d3e64bf4cf9"},
    {file = "pydantic-1.9.0-cp38-cp38-manylinux_2_5_i686.manylinux1_i686.manylinux_2_17_i686.manylinux2014_i686.whl", hash = "sha256:c556695b699f648c58373b542534308922c46a1cda06ea47bc9ca45ef5b39ae6"},
    {file = "pydantic-1.9.0-cp38-cp38-musllinux_1_1_i686.whl", hash = "sha256:f947352c3434e8b937e3aa8f96f47bdfe6d92779e44bb3f41e4c213ba6a32145"},
    {file = "pydantic-1.9.0-cp38-cp38-musllinux_1_1_x86_64.whl", hash = "sha256:5e48ef4a8b8c066c4a31409d91d7ca372a774d0212da2787c0d32f8045b1e034"},
    {file = "pydantic-1.9.0-cp38-cp38-win_amd64.whl", hash = "sha256:96f240bce182ca7fe045c76bcebfa0b0534a1bf402ed05914a6f1dadff91877f"},
    {file = "pydantic-1.9.0-cp39-cp39-macosx_10_9_x86_64.whl", hash = "sha256:815ddebb2792efd4bba5488bc8fde09c29e8ca3227d27cf1c6990fc830fd292b"},
    {file = "pydantic-1.9.0-cp39-cp39-macosx_11_0_arm64.whl", hash = "sha256:6c5b77947b9e85a54848343928b597b4f74fc364b70926b3c4441ff52620640c"},
    {file = "pydantic-1.9.0-cp39-cp39-manylinux_2_17_x86_64.manylinux2014_x86_64.whl", hash = "sha256:4c68c3bc88dbda2a6805e9a142ce84782d3930f8fdd9655430d8576315ad97ce"},
    {file = "pydantic-1.9.0-cp39-cp39-manylinux_2_5_i686.manylinux1_i686.manylinux_2_17_i686.manylinux2014_i686.whl", hash = "sha256:5a79330f8571faf71bf93667d3ee054609816f10a259a109a0738dac983b23c3"},
    {file = "pydantic-1.9.0-cp39-cp39-musllinux_1_1_i686.whl", hash = "sha256:f5a64b64ddf4c99fe201ac2724daada8595ada0d102ab96d019c1555c2d6441d"},
    {file = "pydantic-1.9.0-cp39-cp39-musllinux_1_1_x86_64.whl", hash = "sha256:a733965f1a2b4090a5238d40d983dcd78f3ecea221c7af1497b845a9709c1721"},
    {file = "pydantic-1.9.0-cp39-cp39-win_amd64.whl", hash = "sha256:2cc6a4cb8a118ffec2ca5fcb47afbacb4f16d0ab8b7350ddea5e8ef7bcc53a16"},
    {file = "pydantic-1.9.0-py3-none-any.whl", hash = "sha256:085ca1de245782e9b46cefcf99deecc67d418737a1fd3f6a4f511344b613a5b3"},
    {file = "pydantic-1.9.0.tar.gz", hash = "sha256:742645059757a56ecd886faf4ed2441b9c0cd406079c2b4bee51bcc3fbcd510a"},
]
pymongo = [
    {file = "pymongo-4.0.1-cp310-cp310-macosx_10_9_universal2.whl", hash = "sha256:62459b91a513a7b441cfd70ea7fd15c50b858877ca823915d32bab08fe173edb"},
    {file = "pymongo-4.0.1-cp310-cp310-manylinux1_i686.whl", hash = "sha256:633ca2001f80900142068bab907feca99554b557ac105c74a9ed157ed38ca5d6"},
    {file = "pymongo-4.0.1-cp310-cp310-manylinux2014_aarch64.whl", hash = "sha256:774b9f48bdc385af6654def31e7a7617e01b99cc8aaca1ab3ef6ea0492205e57"},
    {file = "pymongo-4.0.1-cp310-cp310-manylinux2014_i686.whl", hash = "sha256:1c153274699424e8f89f2097d5113f8cbe7898a8d62afaad0270a0f0bd0af53b"},
    {file = "pymongo-4.0.1-cp310-cp310-manylinux2014_ppc64le.whl", hash = "sha256:c878286b1464f462616a47f315d14f02f03512c6b81cb568e996c3f1f79bff8a"},
    {file = "pymongo-4.0.1-cp310-cp310-manylinux2014_s390x.whl", hash = "sha256:e4e36810c541bd1976cd05452e797860b775886cf32c3e8136b9fe48c2c8ba95"},
    {file = "pymongo-4.0.1-cp310-cp310-manylinux2014_x86_64.whl", hash = "sha256:75e449ab068af63b7729195343315bc63d242166d88467314be182cc54ce235d"},
    {file = "pymongo-4.0.1-cp310-cp310-manylinux_2_17_aarch64.manylinux2014_aarch64.whl", hash = "sha256:b0606d14892ae2a2b1450e37c8924381e9b64683386a9853e4467f02fd5b44b6"},
    {file = "pymongo-4.0.1-cp310-cp310-manylinux_2_17_ppc64le.manylinux2014_ppc64le.whl", hash = "sha256:5cbfa85a12cfe3dca21951cd432051c505ac461bd9f4a635207d982dd9df2373"},
    {file = "pymongo-4.0.1-cp310-cp310-manylinux_2_17_s390x.manylinux2014_s390x.whl", hash = "sha256:71810eade75ae1c466adc158d1fa8141040f75427b76240316d97f3c89edd72f"},
    {file = "pymongo-4.0.1-cp310-cp310-manylinux_2_17_x86_64.manylinux2014_x86_64.whl", hash = "sha256:716499113650aacfe1b94d37e0a863f1e84b8d47737c74a2f44f8dfccad46952"},
    {file = "pymongo-4.0.1-cp310-cp310-manylinux_2_5_i686.manylinux1_i686.manylinux_2_17_i686.manylinux2014_i686.whl", hash = "sha256:349c8e522e0b785f442fc9d7fc01c59f7f13f1abe9395310d0d817cff03ec034"},
    {file = "pymongo-4.0.1-cp310-cp310-win32.whl", hash = "sha256:0271bbba36bb130202e011171c1883c4c193036ad0b1e02ecfbea6837790b7de"},
    {file = "pymongo-4.0.1-cp310-cp310-win_amd64.whl", hash = "sha256:d419e2dbc4943ad6df7ee05e707d7b2c2b512b92407bb6ff643bccbdea399c3a"},
    {file = "pymongo-4.0.1-cp36-cp36m-macosx_10_9_x86_64.whl", hash = "sha256:1ba8eb426d56556fffec53d600a8f2572589c19d50b30f61daa8f4d72ab92fbe"},
    {file = "pymongo-4.0.1-cp36-cp36m-manylinux1_i686.whl", hash = "sha256:47a58f15fc70198cf95982f9699e17fec12287b90f30e90c5e2b7c1c1bc07914"},
    {file = "pymongo-4.0.1-cp36-cp36m-manylinux1_x86_64.whl", hash = "sha256:3a4eb0a4db8a2d960bdd5354f05e2e57530e83d333cb644fb2b7120a7a954a69"},
    {file = "pymongo-4.0.1-cp36-cp36m-manylinux2014_aarch64.whl", hash = "sha256:b73ff8582964f52ab1bf1a9fdddc1454143172a0b8a9d7d6e3972dd1134f7982"},
    {file = "pymongo-4.0.1-cp36-cp36m-manylinux2014_i686.whl", hash = "sha256:8baf23d6a0a08b697854e5bcdf82afb91da732cf575fd47ee93945c3654132d8"},
    {file = "pymongo-4.0.1-cp36-cp36m-manylinux2014_ppc64le.whl", hash = "sha256:6cd7a4321e718cb98a7c7c475b0757e77fdaf1cdb013d7d2e781ba45219e1144"},
    {file = "pymongo-4.0.1-cp36-cp36m-manylinux2014_s390x.whl", hash = "sha256:e5441f4c8142a250695e249e432637c14f79d856a2b60e0974da082e006c53e2"},
    {file = "pymongo-4.0.1-cp36-cp36m-manylinux2014_x86_64.whl", hash = "sha256:069d49b193f94bb1d748cfd8faf697060a2299f40d86bf5b6d41dd3cedf0fd48"},
    {file = "pymongo-4.0.1-cp36-cp36m-manylinux_2_17_aarch64.manylinux2014_aarch64.whl", hash = "sha256:f3e20eb096deea92350f7198a4287d45883a62fe4459d027ce789e72ceba12ee"},
    {file = "pymongo-4.0.1-cp36-cp36m-manylinux_2_17_ppc64le.manylinux2014_ppc64le.whl", hash = "sha256:8da525765dbcc1b7abf1bba623f9f701d8759a8fb19594cd71a13b7b0c2c56bd"},
    {file = "pymongo-4.0.1-cp36-cp36m-manylinux_2_17_s390x.manylinux2014_s390x.whl", hash = "sha256:9ff0dbec451a2c6226bbd6f2bbbde438bc263e002f3f97d151c8708732ba5197"},
    {file = "pymongo-4.0.1-cp36-cp36m-manylinux_2_17_x86_64.manylinux2014_x86_64.whl", hash = "sha256:06af6e6374ee2bb70f724e09ddf9402907a3d6714828b908737948cd83e5685c"},
    {file = "pymongo-4.0.1-cp36-cp36m-manylinux_2_5_i686.manylinux1_i686.manylinux_2_17_i686.manylinux2014_i686.whl", hash = "sha256:0e9a2628bcd896368ede456bcfe189d9ca65b18fb0dd91974cb734baf2e24af9"},
    {file = "pymongo-4.0.1-cp36-cp36m-manylinux_2_5_i686.manylinux1_i686.whl", hash = "sha256:c0efc5ab7d9b9e64726496bf650dbc7f1754124a48d076e5292cc5306e61a530"},
    {file = "pymongo-4.0.1-cp36-cp36m-manylinux_2_5_x86_64.manylinux1_x86_64.whl", hash = "sha256:ceb9a4986f56595e73fffeef3ec037280eda938ed5fe6e4e0961656669d89b32"},
    {file = "pymongo-4.0.1-cp36-cp36m-win32.whl", hash = "sha256:c86a0614eda95db036fae01a89f3917d7abdc657c806bac2a32eec74724d9330"},
    {file = "pymongo-4.0.1-cp36-cp36m-win_amd64.whl", hash = "sha256:59a4a5fe5379e4fa93380fd0b55bccbdbeb8d04fcfbbad8b42bd31610d5ed3ad"},
    {file = "pymongo-4.0.1-cp37-cp37m-macosx_10_9_x86_64.whl", hash = "sha256:686c40344f7f82c4deaa4e17aa46ad97df51263be1434aeedd2d6b6f38c7f44a"},
    {file = "pymongo-4.0.1-cp37-cp37m-manylinux1_i686.whl", hash = "sha256:12d336bdbe60982de55651be397b5e49d7eadd2aa144f11da353002cd52502ed"},
    {file = "pymongo-4.0.1-cp37-cp37m-manylinux1_x86_64.whl", hash = "sha256:bf6047dea1bc8ae19fc14e01b5cb70b3810f91b100d9a535751dd3eadcd3016c"},
    {file = "pymongo-4.0.1-cp37-cp37m-manylinux2014_aarch64.whl", hash = "sha256:a47f4b24b1360da172cae07ce90e9bd425b6db0052d76142c7fef47173a27283"},
    {file = "pymongo-4.0.1-cp37-cp37m-manylinux2014_i686.whl", hash = "sha256:9043bfb816ed50d831acc8d06469dcc41597b4f50c30e62227a93f9f9e37d6c7"},
    {file = "pymongo-4.0.1-cp37-cp37m-manylinux2014_ppc64le.whl", hash = "sha256:512059a902ea2cbcd0afac370af580e67ccd4c7e41ecaff0f0fbd03653b25ca2"},
    {file = "pymongo-4.0.1-cp37-cp37m-manylinux2014_s390x.whl", hash = "sha256:1498f388181ae5592c7b60549faaefaffc62d6e3754097576611cb642d21d37b"},
    {file = "pymongo-4.0.1-cp37-cp37m-manylinux2014_x86_64.whl", hash = "sha256:186b2ff4518c1c169fcef5047deb0e6c13a2354d143859587e745fd9f2cf68e9"},
    {file = "pymongo-4.0.1-cp37-cp37m-manylinux_2_17_aarch64.manylinux2014_aarch64.whl", hash = "sha256:7450b25a803b0f57dae4c3fbd0df742f7f3344c3c9cabb86e4180083c3ebd893"},
    {file = "pymongo-4.0.1-cp37-cp37m-manylinux_2_17_ppc64le.manylinux2014_ppc64le.whl", hash = "sha256:0c77cd3dbe0dd9e7cdf8c93dc24e5a4fcb56e115ffb259d4f399e4aaf3f3c62d"},
    {file = "pymongo-4.0.1-cp37-cp37m-manylinux_2_17_s390x.manylinux2014_s390x.whl", hash = "sha256:51664dac8d9b138259876f324adca5ab31d991acf88d1d0ffcc94f423ff2e31b"},
    {file = "pymongo-4.0.1-cp37-cp37m-manylinux_2_17_x86_64.manylinux2014_x86_64.whl", hash = "sha256:91c049104b51321e4e18d41edc6850d9f0890ac609b3cb3b8db86dc51666de17"},
    {file = "pymongo-4.0.1-cp37-cp37m-manylinux_2_5_i686.manylinux1_i686.manylinux_2_17_i686.manylinux2014_i686.whl", hash = "sha256:d9f61b08b60909d936c1f3a4e12c163ca71fd1a4665fc6e078afc6f54f886977"},
    {file = "pymongo-4.0.1-cp37-cp37m-manylinux_2_5_i686.manylinux1_i686.whl", hash = "sha256:953129b6b952a9d22042ac23050053444624f630e1928f5f590788660905fa9c"},
    {file = "pymongo-4.0.1-cp37-cp37m-manylinux_2_5_x86_64.manylinux1_x86_64.whl", hash = "sha256:e2b6a323ca545bcb4286d14c0bd75d9a1f5bce2fa1d7fa3621e5f71fd9b8d196"},
    {file = "pymongo-4.0.1-cp37-cp37m-win32.whl", hash = "sha256:e7aedefc87cb46544a3865a19c1d5ca7ddf5ec5ed7dfe162d9538d7543aef499"},
    {file = "pymongo-4.0.1-cp37-cp37m-win_amd64.whl", hash = "sha256:177ed1b14aa4f84f00ebef1b0f785680fbaa610361942b23eb54f562fe4c6b34"},
    {file = "pymongo-4.0.1-cp38-cp38-macosx_10_9_x86_64.whl", hash = "sha256:ddaf391ba74eef47eb5afbc40d0b6ddcdbdb417ec8edc8ae95352d25485076db"},
    {file = "pymongo-4.0.1-cp38-cp38-manylinux1_i686.whl", hash = "sha256:35a5843546bcbe0422f30b4b2bd5e0b630b04cc4006492c70e8168a921d94b9e"},
    {file = "pymongo-4.0.1-cp38-cp38-manylinux1_x86_64.whl", hash = "sha256:86d0e28dd5867153d9d9963a4eb17764854a925758fc2db0a814260f82fd4319"},
    {file = "pymongo-4.0.1-cp38-cp38-manylinux2014_aarch64.whl", hash = "sha256:28afb00423e521f4b04fb8f75da7c0215e46631e821e27abf5a7176f9b671f47"},
    {file = "pymongo-4.0.1-cp38-cp38-manylinux2014_i686.whl", hash = "sha256:5fea4207fec8909e155a7948c987eac61949dbbe97fd0c388e587d06ba9bc78d"},
    {file = "pymongo-4.0.1-cp38-cp38-manylinux2014_ppc64le.whl", hash = "sha256:1fd71b4d7070b01c7f66edc44c1ec2f8bcace2761c3a6ecc10449a40e474d2fa"},
    {file = "pymongo-4.0.1-cp38-cp38-manylinux2014_s390x.whl", hash = "sha256:8869feff59f08cd63979df26aa12343a85bdc7fbd1b79fda8ae39f31a310fa62"},
    {file = "pymongo-4.0.1-cp38-cp38-manylinux2014_x86_64.whl", hash = "sha256:132cc67b909835d7c230888387b4cc9596d4559a3ce90d947e03bc0b0ffe420b"},
    {file = "pymongo-4.0.1-cp38-cp38-manylinux_2_17_aarch64.manylinux2014_aarch64.whl", hash = "sha256:7629abba158610cb5db6c22041b287f9398555d72bf9468d44d2efc03d837b81"},
    {file = "pymongo-4.0.1-cp38-cp38-manylinux_2_17_ppc64le.manylinux2014_ppc64le.whl", hash = "sha256:f785375ca2b4e2192786f1e0d2a94c66900d12e780ebae1eccbbab85eb9a7054"},
    {file = "pymongo-4.0.1-cp38-cp38-manylinux_2_17_s390x.manylinux2014_s390x.whl", hash = "sha256:d66462f740dcea496bd779775688a0f805860f0b01998bb59ca22566b098ee26"},
    {file = "pymongo-4.0.1-cp38-cp38-manylinux_2_17_x86_64.manylinux2014_x86_64.whl", hash = "sha256:426584e99af31ad2398e617c3eb0f1ebcda37f0ffb2d3e56087cdaf23a2f1689"},
    {file = "pymongo-4.0.1-cp38-cp38-manylinux_2_5_i686.manylinux1_i686.manylinux_2_17_i686.manylinux2014_i686.whl", hash = "sha256:f2b6e12f98cce588525f3db802c88f9795d294549ebfe7c2c9bb81333f533ecd"},
    {file = "pymongo-4.0.1-cp38-cp38-manylinux_2_5_i686.manylinux1_i686.whl", hash = "sha256:f333c0d71dd892683e608f8d1731785a0aa67b1ec012b0d9fc863e8d7224f64e"},
    {file = "pymongo-4.0.1-cp38-cp38-manylinux_2_5_x86_64.manylinux1_x86_64.whl", hash = "sha256:72a0c06b76b254bdec18af9add3b8d35796dda51e64a5e0e48d40bff7b41ab13"},
    {file = "pymongo-4.0.1-cp38-cp38-win32.whl", hash = "sha256:84eec41ed982f21ceb58689e16a630a70301eb14499c929388a5bf6464518d9d"},
    {file = "pymongo-4.0.1-cp38-cp38-win_amd64.whl", hash = "sha256:da576e59f5f8a642ee26d027479325a45be45defe075b6fa7c84506dabc76883"},
    {file = "pymongo-4.0.1-cp39-cp39-macosx_10_9_universal2.whl", hash = "sha256:cd4cde3dfdd347d638171eca53ee6e787d4b1247c6e182f8616039b1df6278d5"},
    {file = "pymongo-4.0.1-cp39-cp39-manylinux1_i686.whl", hash = "sha256:87dce7c85387ca033cf76cce773ace7675550dcffc456db32a34403439e53e45"},
    {file = "pymongo-4.0.1-cp39-cp39-manylinux1_x86_64.whl", hash = "sha256:d7514231a03e95072b32d9b335b96253799802ab94647ce83585d5010749380a"},
    {file = "pymongo-4.0.1-cp39-cp39-manylinux2014_aarch64.whl", hash = "sha256:93c25fbb5dbc436edbb74101f4da49a42bd3af534513fdf8e75fc72ef035d5e0"},
    {file = "pymongo-4.0.1-cp39-cp39-manylinux2014_i686.whl", hash = "sha256:7a091050bb8d54a5200193b4998e0cf763d083f93d97c7780963c09996f85a38"},
    {file = "pymongo-4.0.1-cp39-cp39-manylinux2014_ppc64le.whl", hash = "sha256:38b21eddd021a943b1978b0a3d42e974956a338e3dbb88d56aeb8b8799abd6e8"},
    {file = "pymongo-4.0.1-cp39-cp39-manylinux2014_s390x.whl", hash = "sha256:40269fe6bb79fe00c8ba7c2f2d542a82711eb234c3dedb90b7e489386120e9d1"},
    {file = "pymongo-4.0.1-cp39-cp39-manylinux2014_x86_64.whl", hash = "sha256:0238e53b452ab699b5e2e3f8af2557844c80ab0d0c7a0e066226882838e72756"},
    {file = "pymongo-4.0.1-cp39-cp39-manylinux_2_17_aarch64.manylinux2014_aarch64.whl", hash = "sha256:e3f6faea65a73ed54111f209b4a411fe012c68f04e8bde96dd7af89b13cac92b"},
    {file = "pymongo-4.0.1-cp39-cp39-manylinux_2_17_ppc64le.manylinux2014_ppc64le.whl", hash = "sha256:ee2c1fd5bd57fd0092dfa31c1f9f166cf2850f191311603ce343cadcc8608d60"},
    {file = "pymongo-4.0.1-cp39-cp39-manylinux_2_17_s390x.manylinux2014_s390x.whl", hash = "sha256:6f0605b1146bc24c720aac0e806492144aea9d5a4dc956589e0544301862756a"},
    {file = "pymongo-4.0.1-cp39-cp39-manylinux_2_17_x86_64.manylinux2014_x86_64.whl", hash = "sha256:a57e271a0647002b5683dd0c7c2fd7f5fb939357c44396d85298e51a3561b9e3"},
    {file = "pymongo-4.0.1-cp39-cp39-manylinux_2_5_i686.manylinux1_i686.manylinux_2_17_i686.manylinux2014_i686.whl", hash = "sha256:6183476860511cb553a7e4c40936221b6985af7852029c84df898370ec8a028c"},
    {file = "pymongo-4.0.1-cp39-cp39-manylinux_2_5_i686.manylinux1_i686.whl", hash = "sha256:1617fd52da7b208fe5ea176d251dd7cf1b5309e5a4272754b9599edfdf7e64e5"},
    {file = "pymongo-4.0.1-cp39-cp39-manylinux_2_5_x86_64.manylinux1_x86_64.whl", hash = "sha256:812650a2e8a08b812d6a3c937f482bd2c9355e90574964fa283b4d8ef4ae665e"},
    {file = "pymongo-4.0.1-cp39-cp39-win32.whl", hash = "sha256:7bdb66340e246b5dcddfcfe79a63ac2ec3808dc394853476f49fc785425040f4"},
    {file = "pymongo-4.0.1-cp39-cp39-win_amd64.whl", hash = "sha256:65f8a93816dcb2202710839907759aca9eece94d9f13215686f224fcc8966f9e"},
    {file = "pymongo-4.0.1.tar.gz", hash = "sha256:13d0624c13a91da71fa0d960205d93b3d98344481be865ee7cc238c972d41d73"},
]
typing-extensions = [
    {file = "typing_extensions-4.0.1-py3-none-any.whl", hash = "sha256:7f001e5ac290a0c0401508864c7ec868be4e701886d5b573a9528ed3973d9d3b"},
    {file = "typing_extensions-4.0.1.tar.gz", hash = "sha256:4ca091dea149f945ec56afb48dae714f21e8692ef22a395223bcd328961b6a0e"},
]
watchmen-model = []
watchmen-storage = []
watchmen-utilities = []
