[[package]]
name = "aliyun-python-sdk-core"
version = "2.13.36"
description = "The core module of Aliyun Python SDK."
category = "main"
optional = true
python-versions = "*"

[package.dependencies]
cryptography = ">=2.6.0"
jmespath = ">=0.9.3,<1.0.0"

[[package]]
name = "aliyun-python-sdk-kms"
version = "2.16.0"
description = "The kms module of Aliyun Python sdk."
category = "main"
optional = true
python-versions = "*"

[package.dependencies]
aliyun-python-sdk-core = ">=2.11.5"

[[package]]
name = "apscheduler"
version = "3.9.1.post1"
description = "In-process task scheduler with Cron-like capabilities"
category = "main"
optional = false
python-versions = "!=3.0.*, !=3.1.*, !=3.2.*, !=3.3.*, !=3.4.*, <4"

[package.dependencies]
pytz = "*"
six = ">=1.4.0"
tzlocal = ">=2.0,<3.0.0 || >=4.0.0"

[package.extras]
asyncio = ["trollius"]
doc = ["sphinx", "sphinx-rtd-theme"]
gevent = ["gevent"]
mongodb = ["pymongo (>=3.0)"]
redis = ["redis (>=3.0)"]
rethinkdb = ["rethinkdb (>=2.4.0)"]
sqlalchemy = ["sqlalchemy (>=0.8)"]
testing = ["pytest", "pytest-cov", "pytest-tornado5", "mock", "pytest-asyncio (<0.6)", "pytest-asyncio"]
tornado = ["tornado (>=4.3)"]
twisted = ["twisted"]
zookeeper = ["kazoo"]

[[package]]
name = "boto3"
version = "1.26.50"
description = "The AWS SDK for Python"
category = "main"
optional = true
python-versions = ">= 3.7"

[package.dependencies]
botocore = ">=1.29.50,<1.30.0"
jmespath = ">=0.7.1,<2.0.0"
s3transfer = ">=0.6.0,<0.7.0"

[package.extras]
crt = ["botocore[crt] (>=1.21.0,<2.0a0)"]

[[package]]
name = "botocore"
version = "1.29.50"
description = "Low-level, data-driven core of boto 3."
category = "main"
optional = true
python-versions = ">= 3.7"

[package.dependencies]
jmespath = ">=0.7.1,<2.0.0"
python-dateutil = ">=2.1,<3.0.0"
urllib3 = ">=1.25.4,<1.27"

[package.extras]
crt = ["awscrt (==0.15.3)"]

[[package]]
name = "cacheout"
version = "0.13.1"
description = "A caching library for Python"
category = "main"
optional = false
python-versions = ">=3.6"

[package.extras]
dev = ["black", "coverage", "docformatter", "flake8", "flake8-black", "flake8-bugbear", "flake8-isort", "invoke", "isort", "mypy", "pylint", "pytest", "pytest-cov", "pytest-flake8", "pytest-mypy", "pytest-pylint", "sphinx", "sphinx-autodoc-typehints", "sphinx-rtd-theme", "tox", "twine", "wheel"]

[[package]]
name = "certifi"
version = "2022.12.7"
description = "Python package for providing Mozilla's CA Bundle."
category = "main"
optional = true
python-versions = ">=3.6"

[[package]]
name = "cffi"
version = "1.15.1"
description = "Foreign Function Interface for Python calling C code."
category = "main"
optional = true
python-versions = "*"

[package.dependencies]
pycparser = "*"

[[package]]
name = "charset-normalizer"
version = "3.0.1"
description = "The Real First Universal Charset Detector. Open, modern and actively maintained alternative to Chardet."
category = "main"
optional = true
python-versions = "*"

[[package]]
name = "click"
version = "8.1.3"
description = "Composable command line interface toolkit"
category = "main"
optional = false
python-versions = ">=3.7"

[package.dependencies]
colorama = {version = "*", markers = "platform_system == \"Windows\""}

[[package]]
name = "cloudpickle"
version = "2.2.0"
description = "Extended pickling support for Python objects"
category = "main"
optional = false
python-versions = ">=3.6"

[[package]]
name = "colorama"
version = "0.4.6"
description = "Cross-platform colored terminal text."
category = "main"
optional = false
python-versions = "!=3.0.*,!=3.1.*,!=3.2.*,!=3.3.*,!=3.4.*,!=3.5.*,!=3.6.*,>=2.7"

[[package]]
name = "crcmod"
version = "1.7"
description = "CRC Generator"
category = "main"
optional = true
python-versions = "*"

[[package]]
name = "cryptography"
version = "36.0.2"
description = "cryptography is a package which provides cryptographic recipes and primitives to Python developers."
category = "main"
optional = true
python-versions = ">=3.6"

[package.dependencies]
cffi = ">=1.12"

[package.extras]
docs = ["sphinx (>=1.6.5,!=1.8.0,!=3.1.0,!=3.1.1)", "sphinx-rtd-theme"]
docstest = ["pyenchant (>=1.6.11)", "twine (>=1.12.0)", "sphinxcontrib-spelling (>=4.0.1)"]
pep8test = ["black", "flake8", "flake8-import-order", "pep8-naming"]
sdist = ["setuptools_rust (>=0.11.4)"]
ssh = ["bcrypt (>=3.1.5)"]
test = ["pytest (>=6.2.0)", "pytest-cov", "pytest-subtests", "pytest-xdist", "pretend", "iso8601", "pytz", "hypothesis (>=1.11.4,!=3.79.2)"]

[[package]]
name = "cx-oracle"
version = "8.3.0"
description = "Python interface to Oracle"
category = "main"
optional = true
python-versions = "*"

[[package]]
name = "dask"
version = "2022.12.1"
description = "Parallel PyData with Task Scheduling"
category = "main"
optional = false
python-versions = ">=3.8"

[package.dependencies]
click = ">=7.0"
cloudpickle = ">=1.1.1"
fsspec = ">=0.6.0"
packaging = ">=20.0"
partd = ">=0.3.10"
pyyaml = ">=5.3.1"
toolz = ">=0.8.2"

[package.extras]
array = ["numpy (>=1.18)"]
complete = ["bokeh (>=2.4.2,<3)", "distributed (==2022.12.1)", "jinja2", "numpy (>=1.18)", "pandas (>=1.0)"]
dataframe = ["numpy (>=1.18)", "pandas (>=1.0)"]
diagnostics = ["bokeh (>=2.4.2,<3)", "jinja2"]
distributed = ["distributed (==2022.12.1)"]
test = ["pandas", "pytest", "pytest-rerunfailures", "pytest-xdist", "pre-commit"]

[[package]]
name = "distributed"
version = "2022.12.1"
description = "Distributed scheduler for Dask"
category = "main"
optional = false
python-versions = ">=3.8"

[package.dependencies]
click = ">=7.0"
cloudpickle = ">=1.5.0"
dask = "2022.12.1"
jinja2 = "*"
locket = ">=1.0.0"
msgpack = ">=0.6.0"
packaging = ">=20.0"
psutil = ">=5.0"
pyyaml = "*"
sortedcontainers = "<2.0.0 || >2.0.0,<2.0.1 || >2.0.1"
tblib = ">=1.6.0"
toolz = ">=0.10.0"
tornado = ">=6.0.3"
urllib3 = "*"
zict = ">=0.1.3"

[[package]]
name = "dnspython"
version = "2.3.0"
description = "DNS toolkit"
category = "main"
optional = true
python-versions = ">=3.7,<4.0"

[package.extras]
doq = ["aioquic (>=0.9.20)"]
dnssec = ["cryptography (>=2.6,<40.0)"]
curio = ["curio (>=1.2,<2.0)", "sniffio (>=1.1,<2.0)"]
doh = ["h2 (>=4.1.0)", "httpx (>=0.21.1)", "requests (>=2.23.0,<3.0.0)", "requests-toolbelt (>=0.9.1,<0.11.0)"]
idna = ["idna (>=2.1,<4.0)"]
trio = ["trio (>=0.14,<0.23)"]
wmi = ["wmi (>=1.5.1,<2.0.0)"]

[[package]]
name = "fsspec"
version = "2022.11.0"
description = "File-system specification"
category = "main"
optional = false
python-versions = ">=3.7"

[package.extras]
abfs = ["adlfs"]
adl = ["adlfs"]
arrow = ["pyarrow (>=1)"]
dask = ["dask", "distributed"]
dropbox = ["dropboxdrivefs", "requests", "dropbox"]
entrypoints = ["importlib-metadata"]
fuse = ["fusepy"]
gcs = ["gcsfs"]
git = ["pygit2"]
github = ["requests"]
gs = ["gcsfs"]
gui = ["panel"]
hdfs = ["pyarrow (>=1)"]
http = ["requests", "aiohttp (!=4.0.0a0,!=4.0.0a1)"]
libarchive = ["libarchive-c"]
oci = ["ocifs"]
s3 = ["s3fs"]
sftp = ["paramiko"]
smb = ["smbprotocol"]
ssh = ["paramiko"]
tqdm = ["tqdm"]

[[package]]
name = "greenlet"
version = "2.0.1"
description = "Lightweight in-process concurrent programming"
category = "main"
optional = true
python-versions = ">=2.7,!=3.0.*,!=3.1.*,!=3.2.*,!=3.3.*,!=3.4.*"

[package.extras]
docs = ["sphinx", "docutils (<0.18)"]
test = ["objgraph", "psutil", "faulthandler"]

[[package]]
name = "heapdict"
version = "1.0.1"
description = "a heap with decrease-key and increase-key operations"
category = "main"
optional = false
python-versions = "*"

[[package]]
name = "idna"
version = "3.4"
description = "Internationalized Domain Names in Applications (IDNA)"
category = "main"
optional = true
python-versions = ">=3.5"

[[package]]
name = "jinja2"
version = "3.1.2"
description = "A very fast and expressive template engine."
category = "main"
optional = false
python-versions = ">=3.7"

[package.dependencies]
MarkupSafe = ">=2.0"

[package.extras]
i18n = ["Babel (>=2.7)"]

[[package]]
name = "jmespath"
version = "0.10.0"
description = "JSON Matching Expressions"
category = "main"
optional = true
python-versions = ">=2.6, !=3.0.*, !=3.1.*, !=3.2.*"

[[package]]
name = "locket"
version = "1.0.0"
description = "File-based locks for Python on Linux and Windows"
category = "main"
optional = false
python-versions = ">=2.7, !=3.0.*, !=3.1.*, !=3.2.*, !=3.3.*"

[[package]]
name = "markupsafe"
version = "2.1.1"
description = "Safely add untrusted strings to HTML/XML markup."
category = "main"
optional = false
python-versions = ">=3.7"

[[package]]
name = "msgpack"
version = "1.0.4"
description = "MessagePack serializer"
category = "main"
optional = false
python-versions = "*"

[[package]]
name = "oss2"
version = "2.15.0"
description = "Aliyun OSS (Object Storage Service) SDK"
category = "main"
optional = true
python-versions = "*"

[package.dependencies]
aliyun-python-sdk-core = ">=2.13.12"
aliyun-python-sdk-kms = ">=2.4.1"
crcmod = ">=1.7"
pycryptodome = ">=3.4.7"
requests = "!=2.9.0"
six = "*"

[[package]]
name = "packaging"
version = "23.0"
description = "Core utilities for Python packages"
category = "main"
optional = false
python-versions = ">=3.7"

[[package]]
name = "partd"
version = "1.3.0"
description = "Appendable key-value storage"
category = "main"
optional = false
python-versions = ">=3.7"

[package.dependencies]
locket = "*"
toolz = "*"

[package.extras]
complete = ["numpy (>=1.9.0)", "pandas (>=0.19.0)", "pyzmq", "blosc"]

[[package]]
name = "psutil"
version = "5.9.4"
description = "Cross-platform lib for process and system monitoring in Python."
category = "main"
optional = false
python-versions = ">=2.7, !=3.0.*, !=3.1.*, !=3.2.*, !=3.3.*"

[package.extras]
test = ["ipaddress", "mock", "enum34", "pywin32", "wmi"]

[[package]]
name = "psycopg2-binary"
version = "2.9.5"
description = "psycopg2 - Python-PostgreSQL Database Adapter"
category = "main"
optional = true
python-versions = ">=3.6"

[[package]]
name = "pycparser"
version = "2.21"
description = "C parser in Python"
category = "main"
optional = true
python-versions = ">=2.7, !=3.0.*, !=3.1.*, !=3.2.*, !=3.3.*"

[[package]]
name = "pycryptodome"
version = "3.16.0"
description = "Cryptographic library for Python"
category = "main"
optional = false
python-versions = ">=2.7, !=3.0.*, !=3.1.*, !=3.2.*, !=3.3.*, !=3.4.*"

[[package]]
name = "pydantic"
version = "1.10.4"
description = "Data validation and settings management using python type hints"
category = "main"
optional = false
python-versions = ">=3.7"

[package.dependencies]
typing-extensions = ">=4.2.0"

[package.extras]
dotenv = ["python-dotenv (>=0.10.4)"]
email = ["email-validator (>=1.0.3)"]

[[package]]
name = "pymongo"
version = "4.3.3"
description = "Python driver for MongoDB <http://www.mongodb.org>"
category = "main"
optional = true
python-versions = ">=3.7"

[package.dependencies]
dnspython = ">=1.16.0,<3.0.0"

[package.extras]
aws = ["pymongo-auth-aws (<2.0.0)"]
encryption = ["pymongocrypt (>=1.3.0,<2.0.0)", "pymongo-auth-aws (<2.0.0)"]
gssapi = ["pykerberos"]
ocsp = ["pyopenssl (>=17.2.0)", "requests (<3.0.0)", "service-identity (>=18.1.0)", "certifi"]
snappy = ["python-snappy"]
zstd = ["zstandard"]

[[package]]
name = "pymysql"
version = "1.0.2"
description = "Pure Python MySQL Driver"
category = "main"
optional = true
python-versions = ">=3.6"

[package.extras]
ed25519 = ["PyNaCl (>=1.4.0)"]
rsa = ["cryptography"]

[[package]]
name = "pyodbc"
version = "4.0.35"
description = "DB API Module for ODBC"
category = "main"
optional = true
python-versions = ">=2.7, !=3.0.*, !=3.1.*, !=3.2.*, !=3.3.*, !=3.4.*, !=3.5.*"

[[package]]
name = "python-dateutil"
version = "2.8.2"
description = "Extensions to the standard Python datetime module"
category = "main"
optional = true
python-versions = "!=3.0.*,!=3.1.*,!=3.2.*,>=2.7"

[package.dependencies]
six = ">=1.5"

[[package]]
name = "python-json-logger"
version = "2.0.4"
description = "A python library adding a json log formatter"
category = "main"
optional = false
python-versions = ">=3.5"

[[package]]
name = "pytz"
version = "2022.7.1"
description = "World timezone definitions, modern and historical"
category = "main"
optional = false
python-versions = "*"

[[package]]
name = "pytz-deprecation-shim"
version = "0.1.0.post0"
description = "Shims to make deprecation of pytz easier"
category = "main"
optional = false
python-versions = "!=3.0.*,!=3.1.*,!=3.2.*,!=3.3.*,!=3.4.*,!=3.5.*,>=2.7"

[package.dependencies]
tzdata = {version = "*", markers = "python_version >= \"3.6\""}

[[package]]
name = "pyyaml"
version = "6.0"
description = "YAML parser and emitter for Python"
category = "main"
optional = false
python-versions = ">=3.6"

[[package]]
name = "requests"
version = "2.28.2"
description = "Python HTTP for Humans."
category = "main"
optional = true
python-versions = ">=3.7, <4"

[package.dependencies]
certifi = ">=2017.4.17"
charset-normalizer = ">=2,<4"
idna = ">=2.5,<4"
urllib3 = ">=1.21.1,<1.27"

[package.extras]
socks = ["PySocks (>=1.5.6,!=1.5.7)"]
use_chardet_on_py3 = ["chardet (>=3.0.2,<6)"]

[[package]]
name = "s3transfer"
version = "0.6.0"
description = "An Amazon S3 Transfer Manager"
category = "main"
optional = true
python-versions = ">= 3.7"

[package.dependencies]
botocore = ">=1.12.36,<2.0a.0"

[package.extras]
crt = ["botocore[crt] (>=1.20.29,<2.0a.0)"]

[[package]]
name = "six"
version = "1.16.0"
description = "Python 2 and 3 compatibility utilities"
category = "main"
optional = false
python-versions = ">=2.7, !=3.0.*, !=3.1.*, !=3.2.*"

[[package]]
name = "sortedcontainers"
version = "2.4.0"
description = "Sorted Containers -- Sorted List, Sorted Dict, Sorted Set"
category = "main"
optional = false
python-versions = "*"

[[package]]
name = "sqlalchemy"
version = "1.4.35"
description = "Database Abstraction Library"
category = "main"
optional = true
python-versions = "!=3.0.*,!=3.1.*,!=3.2.*,!=3.3.*,!=3.4.*,!=3.5.*,>=2.7"

[package.dependencies]
greenlet = {version = "!=0.4.17", markers = "python_version >= \"3\" and (platform_machine == \"aarch64\" or platform_machine == \"ppc64le\" or platform_machine == \"x86_64\" or platform_machine == \"amd64\" or platform_machine == \"AMD64\" or platform_machine == \"win32\" or platform_machine == \"WIN32\")"}

[package.extras]
aiomysql = ["greenlet (!=0.4.17)", "aiomysql"]
aiosqlite = ["typing_extensions (!=3.10.0.1)", "greenlet (!=0.4.17)", "aiosqlite"]
asyncio = ["greenlet (!=0.4.17)"]
asyncmy = ["greenlet (!=0.4.17)", "asyncmy (>=0.2.3,!=0.2.4)"]
mariadb_connector = ["mariadb (>=1.0.1)"]
mssql = ["pyodbc"]
mssql_pymssql = ["pymssql"]
mssql_pyodbc = ["pyodbc"]
mypy = ["sqlalchemy2-stubs", "mypy (>=0.910)"]
mysql = ["mysqlclient (>=1.4.0,<2)", "mysqlclient (>=1.4.0)"]
mysql_connector = ["mysql-connector-python"]
oracle = ["cx_oracle (>=7,<8)", "cx_oracle (>=7)"]
postgresql = ["psycopg2 (>=2.7)"]
postgresql_asyncpg = ["greenlet (!=0.4.17)", "asyncpg"]
postgresql_pg8000 = ["pg8000 (>=1.16.6)"]
postgresql_psycopg2binary = ["psycopg2-binary"]
postgresql_psycopg2cffi = ["psycopg2cffi"]
pymysql = ["pymysql (<1)", "pymysql"]
sqlcipher = ["sqlcipher3-binary"]

[[package]]
name = "tblib"
version = "1.7.0"
description = "Traceback serialization library."
category = "main"
optional = false
python-versions = ">=2.7, !=3.0.*, !=3.1.*, !=3.2.*, !=3.3.*, !=3.4.*"

[[package]]
name = "toolz"
version = "0.12.0"
description = "List processing tools and functional utilities"
category = "main"
optional = false
python-versions = ">=3.5"

[[package]]
name = "tornado"
version = "6.2"
description = "Tornado is a Python web framework and asynchronous networking library, originally developed at FriendFeed."
category = "main"
optional = false
python-versions = ">= 3.7"

[[package]]
name = "typing-extensions"
version = "4.4.0"
description = "Backported and Experimental Type Hints for Python 3.7+"
category = "main"
optional = false
python-versions = ">=3.7"

[[package]]
name = "tzdata"
version = "2022.7"
description = "Provider of IANA time zone data"
category = "main"
optional = false
python-versions = ">=2"

[[package]]
name = "tzlocal"
version = "4.2"
description = "tzinfo object for the local timezone"
category = "main"
optional = false
python-versions = ">=3.6"

[package.dependencies]
pytz-deprecation-shim = "*"
tzdata = {version = "*", markers = "platform_system == \"Windows\""}

[package.extras]
devenv = ["black", "pyroma", "pytest-cov", "zest.releaser"]
test = ["pytest-mock (>=3.3)", "pytest (>=4.3)"]

[[package]]
name = "urllib3"
version = "1.26.14"
description = "HTTP library with thread-safe connection pooling, file post, and more."
category = "main"
optional = false
python-versions = ">=2.7, !=3.0.*, !=3.1.*, !=3.2.*, !=3.3.*, !=3.4.*, !=3.5.*"

[package.extras]
brotli = ["brotlicffi (>=0.8.0)", "brotli (>=1.0.9)", "brotlipy (>=0.6.0)"]
secure = ["pyOpenSSL (>=0.14)", "cryptography (>=1.3.4)", "idna (>=2.0.0)", "certifi", "urllib3-secure-extra", "ipaddress"]
socks = ["PySocks (>=1.5.6,!=1.5.7,<2.0)"]

[[package]]
name = "watchmen-auth"
version = "16.1.0"
description = ""
category = "main"
optional = false
python-versions = "^3.9"
develop = true

[package.dependencies]
watchmen-model = {path = "../watchmen-model", develop = true}

[package.source]
type = "directory"
url = "../watchmen-auth"

[[package]]
name = "watchmen-collector-kernel"
version = "16.1.0"
description = ""
category = "main"
optional = false
python-versions = "^3.9"
develop = true

[package.dependencies]
watchmen-pipeline-kernel = {path = "../watchmen-pipeline-kernel", develop = true}

[package.extras]
mysql = ["watchmen-storage-mysql @ ../watchmen-storage-mysql"]
oracle = ["watchmen-storage-oracle @ ../watchmen-storage-oracle"]
mongodb = ["watchmen-storage-mongodb @ ../watchmen-storage-mongodb"]
mssql = ["watchmen-storage-mssql @ ../watchmen-storage-mssql"]
postgresql = ["watchmen-storage-postgresql @ ../watchmen-storage-postgresql"]
oss = ["watchmen-storage-oss @ ../watchmen-storage-oss"]
s3 = ["watchmen-storage-s3 @ ../watchmen-storage-s3"]

[package.source]
type = "directory"
url = "../watchmen-collector-kernel"

[[package]]
name = "watchmen-data-kernel"
version = "16.1.0"
description = ""
category = "main"
optional = false
python-versions = "^3.9"
develop = true

[package.dependencies]
cacheout = "^0.13.1"
pycryptodome = "^3.14.1"
watchmen-meta = {path = "../watchmen-meta", develop = true}

[package.extras]
mysql = ["watchmen-storage-mysql @ ../watchmen-storage-mysql"]
oracle = ["watchmen-storage-oracle @ ../watchmen-storage-oracle"]
mongodb = ["watchmen-storage-mongodb @ ../watchmen-storage-mongodb"]
mssql = ["watchmen-storage-mssql @ ../watchmen-storage-mssql"]
postgresql = ["watchmen-storage-postgresql @ ../watchmen-storage-postgresql"]
oss = ["watchmen-storage-oss @ ../watchmen-storage-oss"]
s3 = ["watchmen-storage-s3 @ ../watchmen-storage-s3"]

[package.source]
type = "directory"
url = "../watchmen-data-kernel"

[[package]]
name = "watchmen-meta"
version = "16.1.0"
description = ""
category = "main"
optional = false
python-versions = "^3.9"
develop = true

[package.dependencies]
pycryptodome = "^3.14.1"
watchmen-auth = {path = "../watchmen-auth", develop = true}
watchmen-storage = {path = "../watchmen-storage", develop = true}

[package.extras]
mysql = ["watchmen-storage-mysql @ ../watchmen-storage-mysql"]
oracle = ["watchmen-storage-oracle @ ../watchmen-storage-oracle"]
mongodb = ["watchmen-storage-mongodb @ ../watchmen-storage-mongodb"]
mssql = ["watchmen-storage-mssql @ ../watchmen-storage-mssql"]
postgresql = ["watchmen-storage-postgresql @ ../watchmen-storage-postgresql"]

[package.source]
type = "directory"
url = "../watchmen-meta"

[[package]]
name = "watchmen-model"
version = "16.1.0"
description = ""
category = "main"
optional = false
python-versions = "^3.9"
develop = true

[package.dependencies]
pydantic = "^1.9.0"
watchmen-utilities = {path = "../watchmen-utilities", develop = true}

[package.source]
type = "directory"
url = "../watchmen-model"

[[package]]
name = "watchmen-pipeline-kernel"
version = "16.1.0"
description = ""
category = "main"
optional = false
python-versions = "^3.9"
develop = true

[package.dependencies]
APScheduler = "^3.9.1"
dask = "^2022.9.1"
distributed = "^2022.9.1"
watchmen-data-kernel = {path = "../watchmen-data-kernel", develop = true}

[package.extras]
mysql = ["watchmen-storage-mysql @ ../watchmen-storage-mysql"]
oracle = ["watchmen-storage-oracle @ ../watchmen-storage-oracle"]
mongodb = ["watchmen-storage-mongodb @ ../watchmen-storage-mongodb"]
mssql = ["watchmen-storage-mssql @ ../watchmen-storage-mssql"]
postgresql = ["watchmen-storage-postgresql @ ../watchmen-storage-postgresql"]
standard_ext_writer = ["requests (>=2.27.1,<3.0.0)"]
es_ext_writer = []

[package.source]
type = "directory"
url = "../watchmen-pipeline-kernel"

[[package]]
name = "watchmen-storage"
version = "16.1.0"
description = ""
category = "main"
optional = false
python-versions = "^3.9"
develop = true

[package.dependencies]
watchmen-model = {path = "../watchmen-model", develop = true}

[package.source]
type = "directory"
url = "../watchmen-storage"

[[package]]
name = "watchmen-storage-mongodb"
version = "16.1.0"
description = ""
category = "main"
optional = true
python-versions = "^3.9"
develop = true

[package.dependencies]
pymongo = "^4.1.0"
watchmen-storage = {path = "../watchmen-storage", develop = true}

[package.source]
type = "directory"
url = "../watchmen-storage-mongodb"

[[package]]
name = "watchmen-storage-mssql"
version = "16.1.0"
description = ""
category = "main"
optional = true
python-versions = "^3.9"
develop = true

[package.dependencies]
pyodbc = "^4.0.32"
watchmen-storage-rds = {path = "../watchmen-storage-rds", develop = true}

[package.source]
type = "directory"
url = "../watchmen-storage-mssql"

[[package]]
name = "watchmen-storage-mysql"
version = "16.1.0"
description = ""
category = "main"
optional = true
python-versions = "^3.9"
develop = true

[package.dependencies]
cryptography = "^36.0.2"
PyMySQL = "^1.0.2"
watchmen-storage-rds = {path = "../watchmen-storage-rds", develop = true}

[package.source]
type = "directory"
url = "../watchmen-storage-mysql"

[[package]]
name = "watchmen-storage-oracle"
version = "16.1.0"
description = ""
category = "main"
optional = true
python-versions = "^3.9"
develop = true

[package.dependencies]
cx-Oracle = "^8.3.0"
watchmen-storage-rds = {path = "../watchmen-storage-rds", develop = true}

[package.source]
type = "directory"
url = "../watchmen-storage-oracle"

[[package]]
name = "watchmen-storage-oss"
version = "16.1.0"
description = ""
category = "main"
optional = true
python-versions = "^3.9"
develop = true

[package.dependencies]
oss2 = "2.15.0"
watchmen-storage = {path = "../watchmen-storage", develop = true}

[package.source]
type = "directory"
url = "../watchmen-storage-oss"

[[package]]
name = "watchmen-storage-postgresql"
version = "16.1.0"
description = ""
category = "main"
optional = true
python-versions = "^3.9"
develop = true

[package.dependencies]
psycopg2-binary = "^2.9.3"
watchmen-storage-rds = {path = "../watchmen-storage-rds", develop = true}

[package.source]
type = "directory"
url = "../watchmen-storage-postgresql"

[[package]]
name = "watchmen-storage-rds"
version = "16.1.0"
description = ""
category = "main"
optional = true
python-versions = "^3.9"
develop = true

[package.dependencies]
SQLAlchemy = "1.4.35"
watchmen-storage = {path = "../watchmen-storage", develop = true}

[package.source]
type = "directory"
url = "../watchmen-storage-rds"

[[package]]
name = "watchmen-storage-s3"
version = "16.1.0"
description = ""
category = "main"
optional = true
python-versions = "^3.9"
develop = true

[package.dependencies]
boto3 = "^1.24.20"
watchmen-storage = {path = "../watchmen-storage", develop = true}

[package.source]
type = "directory"
url = "../watchmen-storage-s3"

[[package]]
name = "watchmen-utilities"
version = "16.1.0"
description = ""
category = "main"
optional = false
python-versions = "^3.9"
develop = true

[package.dependencies]
pydantic = "^1.9.0"
python-json-logger = "^2.0.2"

[package.source]
type = "directory"
url = "../watchmen-utilities"

[[package]]
name = "zict"
version = "2.2.0"
description = "Mutable mapping tools"
category = "main"
optional = false
python-versions = ">=3.7"

[package.dependencies]
heapdict = "*"

[extras]
mongodb = ["watchmen-storage-mongodb"]
mssql = ["watchmen-storage-mssql"]
mysql = ["watchmen-storage-mysql"]
oracle = ["watchmen-storage-oracle"]
oss = ["watchmen-storage-oss"]
postgresql = ["watchmen-storage-postgresql"]
s3 = ["watchmen-storage-s3"]

[metadata]
lock-version = "1.1"
python-versions = "^3.9"
content-hash = "7e8a7e97c8ef40b5e40e347458405bd62461943c9d55fa6e3cd2188f65e37fb9"

[metadata.files]
aliyun-python-sdk-core = []
aliyun-python-sdk-kms = []
apscheduler = []
boto3 = []
botocore = []
cacheout = [
    {file = "cacheout-0.13.1-py3-none-any.whl", hash = "sha256:dc357ba56599444e24a41a514bd18b6a2460e9a9de6aa960e5ee3bb8c0bebb3f"},
    {file = "cacheout-0.13.1.tar.gz", hash = "sha256:296d1a46ce7858e6f45b0fd5d407e5236fefe8fc01be80c56161c23b386849ff"},
]
certifi = []
cffi = []
charset-normalizer = []
click = []
cloudpickle = []
colorama = []
crcmod = []
cryptography = []
cx-oracle = [
    {file = "cx_Oracle-8.3.0-cp310-cp310-manylinux_2_5_x86_64.manylinux1_x86_64.manylinux_2_12_x86_64.manylinux2010_x86_64.whl", hash = "sha256:b6a23da225f03f50a81980c61dbd6a358c3575f212ca7f4c22bb65a9faf94f7f"},
    {file = "cx_Oracle-8.3.0-cp310-cp310-win32.whl", hash = "sha256:715a8bbda5982af484ded14d184304cc552c1096c82471dd2948298470e88a04"},
    {file = "cx_Oracle-8.3.0-cp310-cp310-win_amd64.whl", hash = "sha256:07f01608dfb6603a8f2a868fc7c7bdc951480f187df8dbc50f4d48c884874e6a"},
    {file = "cx_Oracle-8.3.0-cp36-cp36m-manylinux_2_5_x86_64.manylinux1_x86_64.manylinux_2_12_x86_64.manylinux2010_x86_64.whl", hash = "sha256:4b3afe7a911cebaceda908228d36839f6441cbd38e5df491ec25960562bb01a0"},
    {file = "cx_Oracle-8.3.0-cp36-cp36m-win32.whl", hash = "sha256:076ffb71279d6b2dcbf7df028f62a01e18ce5bb73d8b01eab582bf14a62f4a61"},
    {file = "cx_Oracle-8.3.0-cp36-cp36m-win_amd64.whl", hash = "sha256:b82e4b165ffd807a2bd256259a6b81b0a2452883d39f987509e2292d494ea163"},
    {file = "cx_Oracle-8.3.0-cp37-cp37m-manylinux_2_5_x86_64.manylinux1_x86_64.manylinux_2_12_x86_64.manylinux2010_x86_64.whl", hash = "sha256:b902db61dcdcbbf8dd981f5a46d72fef40c5150c7fc0eb0f0698b462d6eb834e"},
    {file = "cx_Oracle-8.3.0-cp37-cp37m-win32.whl", hash = "sha256:4c82ca74442c298ceec56d207450c192e06ecf8ad52eb4aaad0812e147ceabf7"},
    {file = "cx_Oracle-8.3.0-cp37-cp37m-win_amd64.whl", hash = "sha256:54164974d526b76fdefb0b66a42b68e1fca5df78713d0eeb8c1d0047b83f6bcf"},
    {file = "cx_Oracle-8.3.0-cp38-cp38-manylinux_2_5_x86_64.manylinux1_x86_64.manylinux_2_12_x86_64.manylinux2010_x86_64.whl", hash = "sha256:410747d542e5f94727f5f0e42e9706c772cf9094fb348ce965ab88b3a9e4d2d8"},
    {file = "cx_Oracle-8.3.0-cp38-cp38-win32.whl", hash = "sha256:3baa878597c5fadb2c72f359f548431c7be001e722ce4a4ebdf3d2293a1bb70b"},
    {file = "cx_Oracle-8.3.0-cp38-cp38-win_amd64.whl", hash = "sha256:de42bdc882abdc5cea54597da27a05593b44143728e5b629ad5d35decb1a2036"},
    {file = "cx_Oracle-8.3.0-cp39-cp39-manylinux_2_5_x86_64.manylinux1_x86_64.manylinux_2_12_x86_64.manylinux2010_x86_64.whl", hash = "sha256:df412238a9948340591beee9ec64fa62a2efacc0d91107034a7023e2991fba97"},
    {file = "cx_Oracle-8.3.0-cp39-cp39-win32.whl", hash = "sha256:70d3cf030aefd71f99b45beba77237b2af448adf5e26be0db3d0d3dee6ea4230"},
    {file = "cx_Oracle-8.3.0-cp39-cp39-win_amd64.whl", hash = "sha256:bf01ce87edb4ef663b2e5bd604e1e0154d2cc2f12b60301f788b569d9db8a900"},
    {file = "cx_Oracle-8.3.0.tar.gz", hash = "sha256:3b2d215af4441463c97ea469b9cc307460739f89fdfa8ea222ea3518f1a424d9"},
]
dask = []
distributed = []
dnspython = []
fsspec = []
greenlet = []
heapdict = [
    {file = "HeapDict-1.0.1-py3-none-any.whl", hash = "sha256:6065f90933ab1bb7e50db403b90cab653c853690c5992e69294c2de2b253fc92"},
    {file = "HeapDict-1.0.1.tar.gz", hash = "sha256:8495f57b3e03d8e46d5f1b2cc62ca881aca392fd5cc048dc0aa2e1a6d23ecdb6"},
]
idna = []
jinja2 = []
jmespath = []
locket = []
markupsafe = []
msgpack = []
oss2 = []
packaging = []
partd = []
psutil = []
psycopg2-binary = []
pycparser = []
pycryptodome = []
pydantic = []
pymongo = []
pymysql = []
pyodbc = []
python-dateutil = [
    {file = "python-dateutil-2.8.2.tar.gz", hash = "sha256:0123cacc1627ae19ddf3c27a5de5bd67ee4586fbdd6440d9748f8abb483d3e86"},
    {file = "python_dateutil-2.8.2-py2.py3-none-any.whl", hash = "sha256:961d03dc3453ebbc59dbdea9e4e11c5651520a876d0f4db161e8674aae935da9"},
]
python-json-logger = []
pytz = []
pytz-deprecation-shim = []
pyyaml = []
requests = []
s3transfer = []
six = [
    {file = "six-1.16.0-py2.py3-none-any.whl", hash = "sha256:8abb2f1d86890a2dfb989f9a77cfcfd3e47c2a354b01111771326f8aa26e0254"},
    {file = "six-1.16.0.tar.gz", hash = "sha256:1e61c37477a1626458e36f7b1d82aa5c9b094fa4802892072e49de9c60c4c926"},
]
sortedcontainers = [
    {file = "sortedcontainers-2.4.0-py2.py3-none-any.whl", hash = "sha256:a163dcaede0f1c021485e957a39245190e74249897e2ae4b2aa38595db237ee0"},
    {file = "sortedcontainers-2.4.0.tar.gz", hash = "sha256:25caa5a06cc30b6b83d11423433f65d1f9d76c4c6a0c90e3379eaa43b9bfdb88"},
]
sqlalchemy = []
tblib = [
    {file = "tblib-1.7.0-py2.py3-none-any.whl", hash = "sha256:289fa7359e580950e7d9743eab36b0691f0310fce64dee7d9c31065b8f723e23"},
    {file = "tblib-1.7.0.tar.gz", hash = "sha256:059bd77306ea7b419d4f76016aef6d7027cc8a0785579b5aad198803435f882c"},
]
toolz = []
tornado = []
typing-extensions = []
tzdata = []
tzlocal = []
urllib3 = []
watchmen-auth = []
watchmen-collector-kernel = []
watchmen-data-kernel = []
watchmen-meta = []
watchmen-model = []
watchmen-pipeline-kernel = []
watchmen-storage = []
watchmen-storage-mongodb = []
watchmen-storage-mssql = []
watchmen-storage-mysql = []
watchmen-storage-oracle = []
watchmen-storage-oss = []
watchmen-storage-postgresql = []
watchmen-storage-rds = []
watchmen-storage-s3 = []
watchmen-utilities = []
zict = []
